// !$*UTF8*$!
{
	archiveVersion = 1;
	classes = {
	};
	objectVersion = 51;
	objects = {

/* Begin PBXBuildFile section */
		30DF78FAABB7030ABFA9BB50 /* Pods_Archery_Motion_Study.framework in Frameworks */ = {isa = PBXBuildFile; fileRef = 7DB5AFF38302CCBEB2EB61D4 /* Pods_Archery_Motion_Study.framework */; };
		8A37D2AC232BB9440065CE08 /* AppDelegate.swift in Sources */ = {isa = PBXBuildFile; fileRef = 8A37D2AB232BB9440065CE08 /* AppDelegate.swift */; };
		8A37D2B0232BB9440065CE08 /* filesViewController.swift in Sources */ = {isa = PBXBuildFile; fileRef = 8A37D2AF232BB9440065CE08 /* filesViewController.swift */; };
		8A37D2B3232BB9440065CE08 /* Main.storyboard in Resources */ = {isa = PBXBuildFile; fileRef = 8A37D2B1232BB9440065CE08 /* Main.storyboard */; };
		8A37D2B5232BB9450065CE08 /* Assets.xcassets in Resources */ = {isa = PBXBuildFile; fileRef = 8A37D2B4232BB9450065CE08 /* Assets.xcassets */; };
		8A37D2B8232BB9450065CE08 /* LaunchScreen.storyboard in Resources */ = {isa = PBXBuildFile; fileRef = 8A37D2B6232BB9450065CE08 /* LaunchScreen.storyboard */; };
		8A37D2BD232BB9450065CE08 /* Archery Motion Study WatchKit App.app in Embed Watch Content */ = {isa = PBXBuildFile; fileRef = 8A37D2BC232BB9450065CE08 /* Archery Motion Study WatchKit App.app */; settings = {ATTRIBUTES = (RemoveHeadersOnCopy, ); }; };
		8A37D2C3232BB9450065CE08 /* Interface.storyboard in Resources */ = {isa = PBXBuildFile; fileRef = 8A37D2C1232BB9450065CE08 /* Interface.storyboard */; };
		8A37D2C5232BB9460065CE08 /* Assets.xcassets in Resources */ = {isa = PBXBuildFile; fileRef = 8A37D2C4232BB9460065CE08 /* Assets.xcassets */; };
		8A37D2CC232BB9460065CE08 /* Archery Motion Study WatchKit Extension.appex in Embed App Extensions */ = {isa = PBXBuildFile; fileRef = 8A37D2CB232BB9460065CE08 /* Archery Motion Study WatchKit Extension.appex */; settings = {ATTRIBUTES = (RemoveHeadersOnCopy, ); }; };
		8A37D2D1232BB9460065CE08 /* startViewController.swift in Sources */ = {isa = PBXBuildFile; fileRef = 8A37D2D0232BB9460065CE08 /* startViewController.swift */; };
		8A37D2D3232BB9460065CE08 /* ExtensionDelegate.swift in Sources */ = {isa = PBXBuildFile; fileRef = 8A37D2D2232BB9460065CE08 /* ExtensionDelegate.swift */; };
		8A37D2D5232BB9470065CE08 /* Assets.xcassets in Resources */ = {isa = PBXBuildFile; fileRef = 8A37D2D4232BB9470065CE08 /* Assets.xcassets */; };
		8A3B02E1232E973E007ECFBB /* settingsInterfaceController.swift in Sources */ = {isa = PBXBuildFile; fileRef = 8A3B02E0232E973E007ECFBB /* settingsInterfaceController.swift */; };
		8A6A41F6232ED6A600207CA6 /* Model.xcdatamodeld in Sources */ = {isa = PBXBuildFile; fileRef = 8A6A41F4232ED6A600207CA6 /* Model.xcdatamodeld */; };
		8A7DB34A23302C5700781F0D /* HealthKit.framework in Frameworks */ = {isa = PBXBuildFile; fileRef = 8A7DB34923302C5700781F0D /* HealthKit.framework */; };
		8A9E9AFD232F240F006A0B5C /* SceneDelegate.swift in Sources */ = {isa = PBXBuildFile; fileRef = 8A9E9AFC232F240F006A0B5C /* SceneDelegate.swift */; };
		8AA589EC232F125A007879E0 /* SpinnerViewController.swift in Sources */ = {isa = PBXBuildFile; fileRef = 8AA589EB232F125A007879E0 /* SpinnerViewController.swift */; };
		8AB2FE06233232A800C1F554 /* SensorDataSet.swift in Sources */ = {isa = PBXBuildFile; fileRef = 8AB2FE05233232A800C1F554 /* SensorDataSet.swift */; };
		8AC060FE233275D600F40881 /* FileItemViewCell.swift in Sources */ = {isa = PBXBuildFile; fileRef = 8AC060FD233275D600F40881 /* FileItemViewCell.swift */; };
		8AD78685232EC2EC005A9761 /* GoogleService-Info.plist in Resources */ = {isa = PBXBuildFile; fileRef = 8AD78684232EC2EC005A9761 /* GoogleService-Info.plist */; };
		8ADC42C723312408005B079F /* ChartViewController.swift in Sources */ = {isa = PBXBuildFile; fileRef = 8ADC42C623312408005B079F /* ChartViewController.swift */; };
		E1EBF7C1E321670765F081BA /* Pods_Archery_Motion_Study_WatchKit_App.framework in Frameworks */ = {isa = PBXBuildFile; fileRef = 7A5364A3E436482D12AF13E9 /* Pods_Archery_Motion_Study_WatchKit_App.framework */; };
		F9BDFE4FFA474A8E5949988F /* Pods_Archery_Motion_Study_WatchKit_Extension.framework in Frameworks */ = {isa = PBXBuildFile; fileRef = 938618B005C333D93C6EAE5F /* Pods_Archery_Motion_Study_WatchKit_Extension.framework */; };
/* End PBXBuildFile section */

/* Begin PBXContainerItemProxy section */
		8A37D2BE232BB9450065CE08 /* PBXContainerItemProxy */ = {
			isa = PBXContainerItemProxy;
			containerPortal = 8A37D2A0232BB9440065CE08 /* Project object */;
			proxyType = 1;
			remoteGlobalIDString = 8A37D2BB232BB9450065CE08;
			remoteInfo = "Archery Motion Study WatchKit App";
		};
		8A37D2CD232BB9460065CE08 /* PBXContainerItemProxy */ = {
			isa = PBXContainerItemProxy;
			containerPortal = 8A37D2A0232BB9440065CE08 /* Project object */;
			proxyType = 1;
			remoteGlobalIDString = 8A37D2CA232BB9460065CE08;
			remoteInfo = "Archery Motion Study WatchKit Extension";
		};
/* End PBXContainerItemProxy section */

/* Begin PBXCopyFilesBuildPhase section */
		8A37D2DC232BB9470065CE08 /* Embed App Extensions */ = {
			isa = PBXCopyFilesBuildPhase;
			buildActionMask = 2147483647;
			dstPath = "";
			dstSubfolderSpec = 13;
			files = (
				8A37D2CC232BB9460065CE08 /* Archery Motion Study WatchKit Extension.appex in Embed App Extensions */,
			);
			name = "Embed App Extensions";
			runOnlyForDeploymentPostprocessing = 0;
		};
		8A37D2E0232BB9470065CE08 /* Embed Watch Content */ = {
			isa = PBXCopyFilesBuildPhase;
			buildActionMask = 2147483647;
			dstPath = "$(CONTENTS_FOLDER_PATH)/Watch";
			dstSubfolderSpec = 16;
			files = (
				8A37D2BD232BB9450065CE08 /* Archery Motion Study WatchKit App.app in Embed Watch Content */,
			);
			name = "Embed Watch Content";
			runOnlyForDeploymentPostprocessing = 0;
		};
/* End PBXCopyFilesBuildPhase section */

/* Begin PBXFileReference section */
		06D6EA8F2A0BAFFA13B388F2 /* Pods-Archery Motion Study WatchKit App.debug.xcconfig */ = {isa = PBXFileReference; includeInIndex = 1; lastKnownFileType = text.xcconfig; name = "Pods-Archery Motion Study WatchKit App.debug.xcconfig"; path = "Target Support Files/Pods-Archery Motion Study WatchKit App/Pods-Archery Motion Study WatchKit App.debug.xcconfig"; sourceTree = "<group>"; };
		165F47E5FB7D5B1D90DB9A28 /* Pods-Archery Motion Study.debug.xcconfig */ = {isa = PBXFileReference; includeInIndex = 1; lastKnownFileType = text.xcconfig; name = "Pods-Archery Motion Study.debug.xcconfig"; path = "Target Support Files/Pods-Archery Motion Study/Pods-Archery Motion Study.debug.xcconfig"; sourceTree = "<group>"; };
		57E558DD5FAFE7964BF7DAC0 /* Pods-Archery Motion Study.release.xcconfig */ = {isa = PBXFileReference; includeInIndex = 1; lastKnownFileType = text.xcconfig; name = "Pods-Archery Motion Study.release.xcconfig"; path = "Target Support Files/Pods-Archery Motion Study/Pods-Archery Motion Study.release.xcconfig"; sourceTree = "<group>"; };
		781382D1075FA2B1801ED2E3 /* Pods-Archery Motion Study WatchKit Extension.release.xcconfig */ = {isa = PBXFileReference; includeInIndex = 1; lastKnownFileType = text.xcconfig; name = "Pods-Archery Motion Study WatchKit Extension.release.xcconfig"; path = "Target Support Files/Pods-Archery Motion Study WatchKit Extension/Pods-Archery Motion Study WatchKit Extension.release.xcconfig"; sourceTree = "<group>"; };
		7A5364A3E436482D12AF13E9 /* Pods_Archery_Motion_Study_WatchKit_App.framework */ = {isa = PBXFileReference; explicitFileType = wrapper.framework; includeInIndex = 0; path = Pods_Archery_Motion_Study_WatchKit_App.framework; sourceTree = BUILT_PRODUCTS_DIR; };
		7DB5AFF38302CCBEB2EB61D4 /* Pods_Archery_Motion_Study.framework */ = {isa = PBXFileReference; explicitFileType = wrapper.framework; includeInIndex = 0; path = Pods_Archery_Motion_Study.framework; sourceTree = BUILT_PRODUCTS_DIR; };
		7F619BB0FCD438BD418A57E2 /* Pods-Archery Motion Study WatchKit App.release.xcconfig */ = {isa = PBXFileReference; includeInIndex = 1; lastKnownFileType = text.xcconfig; name = "Pods-Archery Motion Study WatchKit App.release.xcconfig"; path = "Target Support Files/Pods-Archery Motion Study WatchKit App/Pods-Archery Motion Study WatchKit App.release.xcconfig"; sourceTree = "<group>"; };
		8A37D2A8232BB9440065CE08 /* Archery Motion Study.app */ = {isa = PBXFileReference; explicitFileType = wrapper.application; includeInIndex = 0; path = "Archery Motion Study.app"; sourceTree = BUILT_PRODUCTS_DIR; };
		8A37D2AB232BB9440065CE08 /* AppDelegate.swift */ = {isa = PBXFileReference; lastKnownFileType = sourcecode.swift; path = AppDelegate.swift; sourceTree = "<group>"; };
		8A37D2AF232BB9440065CE08 /* filesViewController.swift */ = {isa = PBXFileReference; lastKnownFileType = sourcecode.swift; path = filesViewController.swift; sourceTree = "<group>"; };
		8A37D2B2232BB9440065CE08 /* Base */ = {isa = PBXFileReference; lastKnownFileType = file.storyboard; name = Base; path = Base.lproj/Main.storyboard; sourceTree = "<group>"; };
		8A37D2B4232BB9450065CE08 /* Assets.xcassets */ = {isa = PBXFileReference; lastKnownFileType = folder.assetcatalog; path = Assets.xcassets; sourceTree = "<group>"; };
		8A37D2B7232BB9450065CE08 /* Base */ = {isa = PBXFileReference; lastKnownFileType = file.storyboard; name = Base; path = Base.lproj/LaunchScreen.storyboard; sourceTree = "<group>"; };
		8A37D2B9232BB9450065CE08 /* Info.plist */ = {isa = PBXFileReference; lastKnownFileType = text.plist.xml; path = Info.plist; sourceTree = "<group>"; };
		8A37D2BC232BB9450065CE08 /* Archery Motion Study WatchKit App.app */ = {isa = PBXFileReference; explicitFileType = wrapper.application; includeInIndex = 0; path = "Archery Motion Study WatchKit App.app"; sourceTree = BUILT_PRODUCTS_DIR; };
		8A37D2C2232BB9450065CE08 /* Base */ = {isa = PBXFileReference; lastKnownFileType = file.storyboard; name = Base; path = Base.lproj/Interface.storyboard; sourceTree = "<group>"; };
		8A37D2C4232BB9460065CE08 /* Assets.xcassets */ = {isa = PBXFileReference; lastKnownFileType = folder.assetcatalog; path = Assets.xcassets; sourceTree = "<group>"; };
		8A37D2C6232BB9460065CE08 /* Info.plist */ = {isa = PBXFileReference; lastKnownFileType = text.plist.xml; path = Info.plist; sourceTree = "<group>"; };
		8A37D2CB232BB9460065CE08 /* Archery Motion Study WatchKit Extension.appex */ = {isa = PBXFileReference; explicitFileType = "wrapper.app-extension"; includeInIndex = 0; path = "Archery Motion Study WatchKit Extension.appex"; sourceTree = BUILT_PRODUCTS_DIR; };
		8A37D2D0232BB9460065CE08 /* startViewController.swift */ = {isa = PBXFileReference; lastKnownFileType = sourcecode.swift; path = startViewController.swift; sourceTree = "<group>"; };
		8A37D2D2232BB9460065CE08 /* ExtensionDelegate.swift */ = {isa = PBXFileReference; lastKnownFileType = sourcecode.swift; path = ExtensionDelegate.swift; sourceTree = "<group>"; };
		8A37D2D4232BB9470065CE08 /* Assets.xcassets */ = {isa = PBXFileReference; lastKnownFileType = folder.assetcatalog; path = Assets.xcassets; sourceTree = "<group>"; };
		8A37D2D6232BB9470065CE08 /* Info.plist */ = {isa = PBXFileReference; lastKnownFileType = text.plist.xml; path = Info.plist; sourceTree = "<group>"; };
		8A3B02E0232E973E007ECFBB /* settingsInterfaceController.swift */ = {isa = PBXFileReference; lastKnownFileType = sourcecode.swift; path = settingsInterfaceController.swift; sourceTree = "<group>"; };
		8A6A41F5232ED6A600207CA6 /* Model.xcdatamodel */ = {isa = PBXFileReference; lastKnownFileType = wrapper.xcdatamodel; path = Model.xcdatamodel; sourceTree = "<group>"; };
		8A7DB34823302C5700781F0D /* Archery Motion Study WatchKit Extension.entitlements */ = {isa = PBXFileReference; lastKnownFileType = text.plist.entitlements; path = "Archery Motion Study WatchKit Extension.entitlements"; sourceTree = "<group>"; };
		8A7DB34923302C5700781F0D /* HealthKit.framework */ = {isa = PBXFileReference; lastKnownFileType = wrapper.framework; name = HealthKit.framework; path = Platforms/WatchOS.platform/Developer/SDKs/WatchOS6.0.sdk/System/Library/Frameworks/HealthKit.framework; sourceTree = DEVELOPER_DIR; };
		8A9E9AFC232F240F006A0B5C /* SceneDelegate.swift */ = {isa = PBXFileReference; fileEncoding = 4; lastKnownFileType = sourcecode.swift; path = SceneDelegate.swift; sourceTree = "<group>"; };
		8AA589EB232F125A007879E0 /* SpinnerViewController.swift */ = {isa = PBXFileReference; lastKnownFileType = sourcecode.swift; path = SpinnerViewController.swift; sourceTree = "<group>"; };
		8AB2FE05233232A800C1F554 /* SensorDataSet.swift */ = {isa = PBXFileReference; lastKnownFileType = sourcecode.swift; path = SensorDataSet.swift; sourceTree = "<group>"; };
		8AC060FD233275D600F40881 /* FileItemViewCell.swift */ = {isa = PBXFileReference; lastKnownFileType = sourcecode.swift; path = FileItemViewCell.swift; sourceTree = "<group>"; };
		8AD78684232EC2EC005A9761 /* GoogleService-Info.plist */ = {isa = PBXFileReference; fileEncoding = 4; lastKnownFileType = text.plist.xml; path = "GoogleService-Info.plist"; sourceTree = "<group>"; };
		8ADC42C623312408005B079F /* ChartViewController.swift */ = {isa = PBXFileReference; lastKnownFileType = sourcecode.swift; path = ChartViewController.swift; sourceTree = "<group>"; };
		938618B005C333D93C6EAE5F /* Pods_Archery_Motion_Study_WatchKit_Extension.framework */ = {isa = PBXFileReference; explicitFileType = wrapper.framework; includeInIndex = 0; path = Pods_Archery_Motion_Study_WatchKit_Extension.framework; sourceTree = BUILT_PRODUCTS_DIR; };
		ADA1719CD1A518BB5C96A379 /* Pods-Archery Motion Study WatchKit Extension.debug.xcconfig */ = {isa = PBXFileReference; includeInIndex = 1; lastKnownFileType = text.xcconfig; name = "Pods-Archery Motion Study WatchKit Extension.debug.xcconfig"; path = "Target Support Files/Pods-Archery Motion Study WatchKit Extension/Pods-Archery Motion Study WatchKit Extension.debug.xcconfig"; sourceTree = "<group>"; };
/* End PBXFileReference section */

/* Begin PBXFrameworksBuildPhase section */
		2E03C9D9EAC173A5232CD5E2 /* Frameworks */ = {
			isa = PBXFrameworksBuildPhase;
			buildActionMask = 2147483647;
			files = (
				E1EBF7C1E321670765F081BA /* Pods_Archery_Motion_Study_WatchKit_App.framework in Frameworks */,
			);
			runOnlyForDeploymentPostprocessing = 0;
		};
		8A37D2A5232BB9440065CE08 /* Frameworks */ = {
			isa = PBXFrameworksBuildPhase;
			buildActionMask = 2147483647;
			files = (
				30DF78FAABB7030ABFA9BB50 /* Pods_Archery_Motion_Study.framework in Frameworks */,
			);
			runOnlyForDeploymentPostprocessing = 0;
		};
		8A37D2C8232BB9460065CE08 /* Frameworks */ = {
			isa = PBXFrameworksBuildPhase;
			buildActionMask = 2147483647;
			files = (
				F9BDFE4FFA474A8E5949988F /* Pods_Archery_Motion_Study_WatchKit_Extension.framework in Frameworks */,
				8A7DB34A23302C5700781F0D /* HealthKit.framework in Frameworks */,
			);
			runOnlyForDeploymentPostprocessing = 0;
		};
/* End PBXFrameworksBuildPhase section */

/* Begin PBXGroup section */
		4596ABD710EFABDA1BD012FB /* Frameworks */ = {
			isa = PBXGroup;
			children = (
				8A7DB34923302C5700781F0D /* HealthKit.framework */,
				7DB5AFF38302CCBEB2EB61D4 /* Pods_Archery_Motion_Study.framework */,
				7A5364A3E436482D12AF13E9 /* Pods_Archery_Motion_Study_WatchKit_App.framework */,
				938618B005C333D93C6EAE5F /* Pods_Archery_Motion_Study_WatchKit_Extension.framework */,
			);
			name = Frameworks;
			sourceTree = "<group>";
		};
		8A37D29F232BB9440065CE08 = {
			isa = PBXGroup;
			children = (
				8A37D2AA232BB9440065CE08 /* Archery Motion Study */,
				8A37D2C0232BB9450065CE08 /* Archery Motion Study WatchKit App */,
				8A37D2CF232BB9460065CE08 /* Archery Motion Study WatchKit Extension */,
				8A37D2A9232BB9440065CE08 /* Products */,
				F1CF4E0FC4AFEEAA0F5D561D /* Pods */,
				4596ABD710EFABDA1BD012FB /* Frameworks */,
			);
			sourceTree = "<group>";
		};
		8A37D2A9232BB9440065CE08 /* Products */ = {
			isa = PBXGroup;
			children = (
				8A37D2A8232BB9440065CE08 /* Archery Motion Study.app */,
				8A37D2BC232BB9450065CE08 /* Archery Motion Study WatchKit App.app */,
				8A37D2CB232BB9460065CE08 /* Archery Motion Study WatchKit Extension.appex */,
			);
			name = Products;
			sourceTree = "<group>";
		};
		8A37D2AA232BB9440065CE08 /* Archery Motion Study */ = {
			isa = PBXGroup;
			children = (
				8A6A41F3232ED67300207CA6 /* Controller */,
				8A6A41F2232ED66B00207CA6 /* View */,
				8A6A41F1232ED65A00207CA6 /* Model */,
				8A37D2B4232BB9450065CE08 /* Assets.xcassets */,
				8A37D2B9232BB9450065CE08 /* Info.plist */,
				8AD78684232EC2EC005A9761 /* GoogleService-Info.plist */,
			);
			path = "Archery Motion Study";
			sourceTree = "<group>";
		};
		8A37D2C0232BB9450065CE08 /* Archery Motion Study WatchKit App */ = {
			isa = PBXGroup;
			children = (
				8A37D2C1232BB9450065CE08 /* Interface.storyboard */,
				8A37D2C4232BB9460065CE08 /* Assets.xcassets */,
				8A37D2C6232BB9460065CE08 /* Info.plist */,
			);
			path = "Archery Motion Study WatchKit App";
			sourceTree = "<group>";
		};
		8A37D2CF232BB9460065CE08 /* Archery Motion Study WatchKit Extension */ = {
			isa = PBXGroup;
			children = (
				8A7DB34823302C5700781F0D /* Archery Motion Study WatchKit Extension.entitlements */,
				8A37D2D0232BB9460065CE08 /* startViewController.swift */,
				8A37D2D2232BB9460065CE08 /* ExtensionDelegate.swift */,
				8A37D2D4232BB9470065CE08 /* Assets.xcassets */,
				8A37D2D6232BB9470065CE08 /* Info.plist */,
				8A3B02E0232E973E007ECFBB /* settingsInterfaceController.swift */,
			);
			path = "Archery Motion Study WatchKit Extension";
			sourceTree = "<group>";
		};
		8A6A41F1232ED65A00207CA6 /* Model */ = {
			isa = PBXGroup;
			children = (
				8A6A41F4232ED6A600207CA6 /* Model.xcdatamodeld */,
				8AB2FE05233232A800C1F554 /* SensorDataSet.swift */,
			);
			path = Model;
			sourceTree = "<group>";
		};
		8A6A41F2232ED66B00207CA6 /* View */ = {
			isa = PBXGroup;
			children = (
				8A37D2B6232BB9450065CE08 /* LaunchScreen.storyboard */,
				8A37D2B1232BB9440065CE08 /* Main.storyboard */,
				8AC060FD233275D600F40881 /* FileItemViewCell.swift */,
			);
			path = View;
			sourceTree = "<group>";
		};
		8A6A41F3232ED67300207CA6 /* Controller */ = {
			isa = PBXGroup;
			children = (
				8A37D2AB232BB9440065CE08 /* AppDelegate.swift */,
				8A37D2AF232BB9440065CE08 /* filesViewController.swift */,
				8A9E9AFC232F240F006A0B5C /* SceneDelegate.swift */,
				8ADC42C623312408005B079F /* ChartViewController.swift */,
				8AA589EB232F125A007879E0 /* SpinnerViewController.swift */,
			);
			path = Controller;
			sourceTree = "<group>";
		};
		F1CF4E0FC4AFEEAA0F5D561D /* Pods */ = {
			isa = PBXGroup;
			children = (
				165F47E5FB7D5B1D90DB9A28 /* Pods-Archery Motion Study.debug.xcconfig */,
				57E558DD5FAFE7964BF7DAC0 /* Pods-Archery Motion Study.release.xcconfig */,
				06D6EA8F2A0BAFFA13B388F2 /* Pods-Archery Motion Study WatchKit App.debug.xcconfig */,
				7F619BB0FCD438BD418A57E2 /* Pods-Archery Motion Study WatchKit App.release.xcconfig */,
				ADA1719CD1A518BB5C96A379 /* Pods-Archery Motion Study WatchKit Extension.debug.xcconfig */,
				781382D1075FA2B1801ED2E3 /* Pods-Archery Motion Study WatchKit Extension.release.xcconfig */,
			);
			path = Pods;
			sourceTree = "<group>";
		};
/* End PBXGroup section */

/* Begin PBXNativeTarget section */
		8A37D2A7232BB9440065CE08 /* Archery Motion Study */ = {
			isa = PBXNativeTarget;
			buildConfigurationList = 8A37D2E1232BB9470065CE08 /* Build configuration list for PBXNativeTarget "Archery Motion Study" */;
			buildPhases = (
				A578B7E1464C7E620E257F17 /* [CP] Check Pods Manifest.lock */,
				8A37D2A4232BB9440065CE08 /* Sources */,
				8A37D2A5232BB9440065CE08 /* Frameworks */,
				8A37D2A6232BB9440065CE08 /* Resources */,
				8A37D2E0232BB9470065CE08 /* Embed Watch Content */,
				DC1B46F20B8BEB106DB25EE0 /* [CP] Embed Pods Frameworks */,
			);
			buildRules = (
			);
			dependencies = (
				8A37D2BF232BB9450065CE08 /* PBXTargetDependency */,
			);
			name = "Archery Motion Study";
			productName = "Archery Motion Study";
			productReference = 8A37D2A8232BB9440065CE08 /* Archery Motion Study.app */;
			productType = "com.apple.product-type.application";
		};
		8A37D2BB232BB9450065CE08 /* Archery Motion Study WatchKit App */ = {
			isa = PBXNativeTarget;
			buildConfigurationList = 8A37D2DD232BB9470065CE08 /* Build configuration list for PBXNativeTarget "Archery Motion Study WatchKit App" */;
			buildPhases = (
				92D9F503083F97EF553CA71C /* [CP] Check Pods Manifest.lock */,
				8A37D2BA232BB9450065CE08 /* Resources */,
				8A37D2DC232BB9470065CE08 /* Embed App Extensions */,
				2E03C9D9EAC173A5232CD5E2 /* Frameworks */,
			);
			buildRules = (
			);
			dependencies = (
				8A37D2CE232BB9460065CE08 /* PBXTargetDependency */,
			);
			name = "Archery Motion Study WatchKit App";
			productName = "Archery Motion Study WatchKit App";
			productReference = 8A37D2BC232BB9450065CE08 /* Archery Motion Study WatchKit App.app */;
			productType = "com.apple.product-type.application.watchapp2";
		};
		8A37D2CA232BB9460065CE08 /* Archery Motion Study WatchKit Extension */ = {
			isa = PBXNativeTarget;
			buildConfigurationList = 8A37D2D9232BB9470065CE08 /* Build configuration list for PBXNativeTarget "Archery Motion Study WatchKit Extension" */;
			buildPhases = (
				0D40FBBFE724B0E0936062FF /* [CP] Check Pods Manifest.lock */,
				8A37D2C7232BB9460065CE08 /* Sources */,
				8A37D2C8232BB9460065CE08 /* Frameworks */,
				8A37D2C9232BB9460065CE08 /* Resources */,
			);
			buildRules = (
			);
			dependencies = (
			);
			name = "Archery Motion Study WatchKit Extension";
			productName = "Archery Motion Study WatchKit Extension";
			productReference = 8A37D2CB232BB9460065CE08 /* Archery Motion Study WatchKit Extension.appex */;
			productType = "com.apple.product-type.watchkit2-extension";
		};
/* End PBXNativeTarget section */

/* Begin PBXProject section */
		8A37D2A0232BB9440065CE08 /* Project object */ = {
			isa = PBXProject;
			attributes = {
				LastSwiftUpdateCheck = 1100;
				LastUpgradeCheck = 1100;
				ORGANIZATIONNAME = liebanajr;
				TargetAttributes = {
					8A37D2A7232BB9440065CE08 = {
						CreatedOnToolsVersion = 11.0;
					};
					8A37D2BB232BB9450065CE08 = {
						CreatedOnToolsVersion = 11.0;
					};
					8A37D2CA232BB9460065CE08 = {
						CreatedOnToolsVersion = 11.0;
					};
				};
			};
			buildConfigurationList = 8A37D2A3232BB9440065CE08 /* Build configuration list for PBXProject "Archery Motion Study" */;
			compatibilityVersion = "Xcode 9.3";
			developmentRegion = en;
			hasScannedForEncodings = 0;
			knownRegions = (
				en,
				Base,
			);
			mainGroup = 8A37D29F232BB9440065CE08;
			productRefGroup = 8A37D2A9232BB9440065CE08 /* Products */;
			projectDirPath = "";
			projectRoot = "";
			targets = (
				8A37D2A7232BB9440065CE08 /* Archery Motion Study */,
				8A37D2BB232BB9450065CE08 /* Archery Motion Study WatchKit App */,
				8A37D2CA232BB9460065CE08 /* Archery Motion Study WatchKit Extension */,
			);
		};
/* End PBXProject section */

/* Begin PBXResourcesBuildPhase section */
		8A37D2A6232BB9440065CE08 /* Resources */ = {
			isa = PBXResourcesBuildPhase;
			buildActionMask = 2147483647;
			files = (
				8A37D2B8232BB9450065CE08 /* LaunchScreen.storyboard in Resources */,
				8AD78685232EC2EC005A9761 /* GoogleService-Info.plist in Resources */,
				8A37D2B5232BB9450065CE08 /* Assets.xcassets in Resources */,
				8A37D2B3232BB9440065CE08 /* Main.storyboard in Resources */,
			);
			runOnlyForDeploymentPostprocessing = 0;
		};
		8A37D2BA232BB9450065CE08 /* Resources */ = {
			isa = PBXResourcesBuildPhase;
			buildActionMask = 2147483647;
			files = (
				8A37D2C5232BB9460065CE08 /* Assets.xcassets in Resources */,
				8A37D2C3232BB9450065CE08 /* Interface.storyboard in Resources */,
			);
			runOnlyForDeploymentPostprocessing = 0;
		};
		8A37D2C9232BB9460065CE08 /* Resources */ = {
			isa = PBXResourcesBuildPhase;
			buildActionMask = 2147483647;
			files = (
				8A37D2D5232BB9470065CE08 /* Assets.xcassets in Resources */,
			);
			runOnlyForDeploymentPostprocessing = 0;
		};
/* End PBXResourcesBuildPhase section */

/* Begin PBXShellScriptBuildPhase section */
		0D40FBBFE724B0E0936062FF /* [CP] Check Pods Manifest.lock */ = {
			isa = PBXShellScriptBuildPhase;
			buildActionMask = 2147483647;
			files = (
			);
			inputFileListPaths = (
			);
			inputPaths = (
				"${PODS_PODFILE_DIR_PATH}/Podfile.lock",
				"${PODS_ROOT}/Manifest.lock",
			);
			name = "[CP] Check Pods Manifest.lock";
			outputFileListPaths = (
			);
			outputPaths = (
				"$(DERIVED_FILE_DIR)/Pods-Archery Motion Study WatchKit Extension-checkManifestLockResult.txt",
			);
			runOnlyForDeploymentPostprocessing = 0;
			shellPath = /bin/sh;
			shellScript = "diff \"${PODS_PODFILE_DIR_PATH}/Podfile.lock\" \"${PODS_ROOT}/Manifest.lock\" > /dev/null\nif [ $? != 0 ] ; then\n    # print error to STDERR\n    echo \"error: The sandbox is not in sync with the Podfile.lock. Run 'pod install' or update your CocoaPods installation.\" >&2\n    exit 1\nfi\n# This output is used by Xcode 'outputs' to avoid re-running this script phase.\necho \"SUCCESS\" > \"${SCRIPT_OUTPUT_FILE_0}\"\n";
			showEnvVarsInLog = 0;
		};
		92D9F503083F97EF553CA71C /* [CP] Check Pods Manifest.lock */ = {
			isa = PBXShellScriptBuildPhase;
			buildActionMask = 2147483647;
			files = (
			);
			inputFileListPaths = (
			);
			inputPaths = (
				"${PODS_PODFILE_DIR_PATH}/Podfile.lock",
				"${PODS_ROOT}/Manifest.lock",
			);
			name = "[CP] Check Pods Manifest.lock";
			outputFileListPaths = (
			);
			outputPaths = (
				"$(DERIVED_FILE_DIR)/Pods-Archery Motion Study WatchKit App-checkManifestLockResult.txt",
			);
			runOnlyForDeploymentPostprocessing = 0;
			shellPath = /bin/sh;
			shellScript = "diff \"${PODS_PODFILE_DIR_PATH}/Podfile.lock\" \"${PODS_ROOT}/Manifest.lock\" > /dev/null\nif [ $? != 0 ] ; then\n    # print error to STDERR\n    echo \"error: The sandbox is not in sync with the Podfile.lock. Run 'pod install' or update your CocoaPods installation.\" >&2\n    exit 1\nfi\n# This output is used by Xcode 'outputs' to avoid re-running this script phase.\necho \"SUCCESS\" > \"${SCRIPT_OUTPUT_FILE_0}\"\n";
			showEnvVarsInLog = 0;
		};
		A578B7E1464C7E620E257F17 /* [CP] Check Pods Manifest.lock */ = {
			isa = PBXShellScriptBuildPhase;
			buildActionMask = 2147483647;
			files = (
			);
			inputFileListPaths = (
			);
			inputPaths = (
				"${PODS_PODFILE_DIR_PATH}/Podfile.lock",
				"${PODS_ROOT}/Manifest.lock",
			);
			name = "[CP] Check Pods Manifest.lock";
			outputFileListPaths = (
			);
			outputPaths = (
				"$(DERIVED_FILE_DIR)/Pods-Archery Motion Study-checkManifestLockResult.txt",
			);
			runOnlyForDeploymentPostprocessing = 0;
			shellPath = /bin/sh;
			shellScript = "diff \"${PODS_PODFILE_DIR_PATH}/Podfile.lock\" \"${PODS_ROOT}/Manifest.lock\" > /dev/null\nif [ $? != 0 ] ; then\n    # print error to STDERR\n    echo \"error: The sandbox is not in sync with the Podfile.lock. Run 'pod install' or update your CocoaPods installation.\" >&2\n    exit 1\nfi\n# This output is used by Xcode 'outputs' to avoid re-running this script phase.\necho \"SUCCESS\" > \"${SCRIPT_OUTPUT_FILE_0}\"\n";
			showEnvVarsInLog = 0;
		};
		DC1B46F20B8BEB106DB25EE0 /* [CP] Embed Pods Frameworks */ = {
			isa = PBXShellScriptBuildPhase;
			buildActionMask = 2147483647;
			files = (
			);
			inputFileListPaths = (
				"${PODS_ROOT}/Target Support Files/Pods-Archery Motion Study/Pods-Archery Motion Study-frameworks-${CONFIGURATION}-input-files.xcfilelist",
			);
			name = "[CP] Embed Pods Frameworks";
			outputFileListPaths = (
				"${PODS_ROOT}/Target Support Files/Pods-Archery Motion Study/Pods-Archery Motion Study-frameworks-${CONFIGURATION}-output-files.xcfilelist",
			);
			runOnlyForDeploymentPostprocessing = 0;
			shellPath = /bin/sh;
			shellScript = "\"${PODS_ROOT}/Target Support Files/Pods-Archery Motion Study/Pods-Archery Motion Study-frameworks.sh\"\n";
			showEnvVarsInLog = 0;
		};
/* End PBXShellScriptBuildPhase section */

/* Begin PBXSourcesBuildPhase section */
		8A37D2A4232BB9440065CE08 /* Sources */ = {
			isa = PBXSourcesBuildPhase;
			buildActionMask = 2147483647;
			files = (
				8A9E9AFD232F240F006A0B5C /* SceneDelegate.swift in Sources */,
				8A37D2B0232BB9440065CE08 /* filesViewController.swift in Sources */,
				8AA589EC232F125A007879E0 /* SpinnerViewController.swift in Sources */,
				8AC060FE233275D600F40881 /* FileItemViewCell.swift in Sources */,
				8A37D2AC232BB9440065CE08 /* AppDelegate.swift in Sources */,
				8A6A41F6232ED6A600207CA6 /* Model.xcdatamodeld in Sources */,
				8AB2FE06233232A800C1F554 /* SensorDataSet.swift in Sources */,
				8ADC42C723312408005B079F /* ChartViewController.swift in Sources */,
			);
			runOnlyForDeploymentPostprocessing = 0;
		};
		8A37D2C7232BB9460065CE08 /* Sources */ = {
			isa = PBXSourcesBuildPhase;
			buildActionMask = 2147483647;
			files = (
				8A37D2D3232BB9460065CE08 /* ExtensionDelegate.swift in Sources */,
				8A37D2D1232BB9460065CE08 /* startViewController.swift in Sources */,
				8A3B02E1232E973E007ECFBB /* settingsInterfaceController.swift in Sources */,
			);
			runOnlyForDeploymentPostprocessing = 0;
		};
/* End PBXSourcesBuildPhase section */

/* Begin PBXTargetDependency section */
		8A37D2BF232BB9450065CE08 /* PBXTargetDependency */ = {
			isa = PBXTargetDependency;
			target = 8A37D2BB232BB9450065CE08 /* Archery Motion Study WatchKit App */;
			targetProxy = 8A37D2BE232BB9450065CE08 /* PBXContainerItemProxy */;
		};
		8A37D2CE232BB9460065CE08 /* PBXTargetDependency */ = {
			isa = PBXTargetDependency;
			target = 8A37D2CA232BB9460065CE08 /* Archery Motion Study WatchKit Extension */;
			targetProxy = 8A37D2CD232BB9460065CE08 /* PBXContainerItemProxy */;
		};
/* End PBXTargetDependency section */

/* Begin PBXVariantGroup section */
		8A37D2B1232BB9440065CE08 /* Main.storyboard */ = {
			isa = PBXVariantGroup;
			children = (
				8A37D2B2232BB9440065CE08 /* Base */,
			);
			name = Main.storyboard;
			sourceTree = "<group>";
		};
		8A37D2B6232BB9450065CE08 /* LaunchScreen.storyboard */ = {
			isa = PBXVariantGroup;
			children = (
				8A37D2B7232BB9450065CE08 /* Base */,
			);
			name = LaunchScreen.storyboard;
			sourceTree = "<group>";
		};
		8A37D2C1232BB9450065CE08 /* Interface.storyboard */ = {
			isa = PBXVariantGroup;
			children = (
				8A37D2C2232BB9450065CE08 /* Base */,
			);
			name = Interface.storyboard;
			sourceTree = "<group>";
		};
/* End PBXVariantGroup section */

/* Begin XCBuildConfiguration section */
		8A37D2D7232BB9470065CE08 /* Debug */ = {
			isa = XCBuildConfiguration;
			buildSettings = {
				ALWAYS_SEARCH_USER_PATHS = NO;
				CLANG_ANALYZER_NONNULL = YES;
				CLANG_ANALYZER_NUMBER_OBJECT_CONVERSION = YES_AGGRESSIVE;
				CLANG_CXX_LANGUAGE_STANDARD = "gnu++14";
				CLANG_CXX_LIBRARY = "libc++";
				CLANG_ENABLE_MODULES = YES;
				CLANG_ENABLE_OBJC_ARC = YES;
				CLANG_ENABLE_OBJC_WEAK = YES;
				CLANG_WARN_BLOCK_CAPTURE_AUTORELEASING = YES;
				CLANG_WARN_BOOL_CONVERSION = YES;
				CLANG_WARN_COMMA = YES;
				CLANG_WARN_CONSTANT_CONVERSION = YES;
				CLANG_WARN_DEPRECATED_OBJC_IMPLEMENTATIONS = YES;
				CLANG_WARN_DIRECT_OBJC_ISA_USAGE = YES_ERROR;
				CLANG_WARN_DOCUMENTATION_COMMENTS = YES;
				CLANG_WARN_EMPTY_BODY = YES;
				CLANG_WARN_ENUM_CONVERSION = YES;
				CLANG_WARN_INFINITE_RECURSION = YES;
				CLANG_WARN_INT_CONVERSION = YES;
				CLANG_WARN_NON_LITERAL_NULL_CONVERSION = YES;
				CLANG_WARN_OBJC_IMPLICIT_RETAIN_SELF = YES;
				CLANG_WARN_OBJC_LITERAL_CONVERSION = YES;
				CLANG_WARN_OBJC_ROOT_CLASS = YES_ERROR;
				CLANG_WARN_RANGE_LOOP_ANALYSIS = YES;
				CLANG_WARN_STRICT_PROTOTYPES = YES;
				CLANG_WARN_SUSPICIOUS_MOVE = YES;
				CLANG_WARN_UNGUARDED_AVAILABILITY = YES_AGGRESSIVE;
				CLANG_WARN_UNREACHABLE_CODE = YES;
				CLANG_WARN__DUPLICATE_METHOD_MATCH = YES;
				COPY_PHASE_STRIP = NO;
				DEBUG_INFORMATION_FORMAT = dwarf;
				ENABLE_STRICT_OBJC_MSGSEND = YES;
				ENABLE_TESTABILITY = YES;
				GCC_C_LANGUAGE_STANDARD = gnu11;
				GCC_DYNAMIC_NO_PIC = NO;
				GCC_NO_COMMON_BLOCKS = YES;
				GCC_OPTIMIZATION_LEVEL = 0;
				GCC_PREPROCESSOR_DEFINITIONS = (
					"DEBUG=1",
					"$(inherited)",
				);
				GCC_WARN_64_TO_32_BIT_CONVERSION = YES;
				GCC_WARN_ABOUT_RETURN_TYPE = YES_ERROR;
				GCC_WARN_UNDECLARED_SELECTOR = YES;
				GCC_WARN_UNINITIALIZED_AUTOS = YES_AGGRESSIVE;
				GCC_WARN_UNUSED_FUNCTION = YES;
				GCC_WARN_UNUSED_VARIABLE = YES;
				IPHONEOS_DEPLOYMENT_TARGET = 13.0;
				MTL_ENABLE_DEBUG_INFO = INCLUDE_SOURCE;
				MTL_FAST_MATH = YES;
				ONLY_ACTIVE_ARCH = YES;
				SDKROOT = iphoneos;
				SWIFT_ACTIVE_COMPILATION_CONDITIONS = DEBUG;
				SWIFT_OPTIMIZATION_LEVEL = "-Onone";
			};
			name = Debug;
		};
		8A37D2D8232BB9470065CE08 /* Release */ = {
			isa = XCBuildConfiguration;
			buildSettings = {
				ALWAYS_SEARCH_USER_PATHS = NO;
				CLANG_ANALYZER_NONNULL = YES;
				CLANG_ANALYZER_NUMBER_OBJECT_CONVERSION = YES_AGGRESSIVE;
				CLANG_CXX_LANGUAGE_STANDARD = "gnu++14";
				CLANG_CXX_LIBRARY = "libc++";
				CLANG_ENABLE_MODULES = YES;
				CLANG_ENABLE_OBJC_ARC = YES;
				CLANG_ENABLE_OBJC_WEAK = YES;
				CLANG_WARN_BLOCK_CAPTURE_AUTORELEASING = YES;
				CLANG_WARN_BOOL_CONVERSION = YES;
				CLANG_WARN_COMMA = YES;
				CLANG_WARN_CONSTANT_CONVERSION = YES;
				CLANG_WARN_DEPRECATED_OBJC_IMPLEMENTATIONS = YES;
				CLANG_WARN_DIRECT_OBJC_ISA_USAGE = YES_ERROR;
				CLANG_WARN_DOCUMENTATION_COMMENTS = YES;
				CLANG_WARN_EMPTY_BODY = YES;
				CLANG_WARN_ENUM_CONVERSION = YES;
				CLANG_WARN_INFINITE_RECURSION = YES;
				CLANG_WARN_INT_CONVERSION = YES;
				CLANG_WARN_NON_LITERAL_NULL_CONVERSION = YES;
				CLANG_WARN_OBJC_IMPLICIT_RETAIN_SELF = YES;
				CLANG_WARN_OBJC_LITERAL_CONVERSION = YES;
				CLANG_WARN_OBJC_ROOT_CLASS = YES_ERROR;
				CLANG_WARN_RANGE_LOOP_ANALYSIS = YES;
				CLANG_WARN_STRICT_PROTOTYPES = YES;
				CLANG_WARN_SUSPICIOUS_MOVE = YES;
				CLANG_WARN_UNGUARDED_AVAILABILITY = YES_AGGRESSIVE;
				CLANG_WARN_UNREACHABLE_CODE = YES;
				CLANG_WARN__DUPLICATE_METHOD_MATCH = YES;
				COPY_PHASE_STRIP = NO;
				DEBUG_INFORMATION_FORMAT = "dwarf-with-dsym";
				ENABLE_NS_ASSERTIONS = NO;
				ENABLE_STRICT_OBJC_MSGSEND = YES;
				GCC_C_LANGUAGE_STANDARD = gnu11;
				GCC_NO_COMMON_BLOCKS = YES;
				GCC_WARN_64_TO_32_BIT_CONVERSION = YES;
				GCC_WARN_ABOUT_RETURN_TYPE = YES_ERROR;
				GCC_WARN_UNDECLARED_SELECTOR = YES;
				GCC_WARN_UNINITIALIZED_AUTOS = YES_AGGRESSIVE;
				GCC_WARN_UNUSED_FUNCTION = YES;
				GCC_WARN_UNUSED_VARIABLE = YES;
				IPHONEOS_DEPLOYMENT_TARGET = 13.0;
				MTL_ENABLE_DEBUG_INFO = NO;
				MTL_FAST_MATH = YES;
				SDKROOT = iphoneos;
				SWIFT_COMPILATION_MODE = wholemodule;
				SWIFT_OPTIMIZATION_LEVEL = "-O";
				VALIDATE_PRODUCT = YES;
			};
			name = Release;
		};
		8A37D2DA232BB9470065CE08 /* Debug */ = {
			isa = XCBuildConfiguration;
			baseConfigurationReference = ADA1719CD1A518BB5C96A379 /* Pods-Archery Motion Study WatchKit Extension.debug.xcconfig */;
			buildSettings = {
				ASSETCATALOG_COMPILER_COMPLICATION_NAME = Complication;
				CODE_SIGN_ENTITLEMENTS = "Archery Motion Study WatchKit Extension/Archery Motion Study WatchKit Extension.entitlements";
				CODE_SIGN_STYLE = Automatic;
				DEVELOPMENT_TEAM = F5G9LGK25B;
				INFOPLIST_FILE = "Archery Motion Study WatchKit Extension/Info.plist";
				LD_RUNPATH_SEARCH_PATHS = (
					"$(inherited)",
					"@executable_path/Frameworks",
					"@executable_path/../../Frameworks",
				);
				PRODUCT_BUNDLE_IDENTIFIER = "com.liebanajr.Archery-Motion-Study.watchkitapp.watchkitextension";
				PRODUCT_NAME = "${TARGET_NAME}";
				SDKROOT = watchos;
				SKIP_INSTALL = YES;
				SWIFT_VERSION = 5.0;
				TARGETED_DEVICE_FAMILY = 4;
				WATCHOS_DEPLOYMENT_TARGET = 5.0;
			};
			name = Debug;
		};
		8A37D2DB232BB9470065CE08 /* Release */ = {
			isa = XCBuildConfiguration;
			baseConfigurationReference = 781382D1075FA2B1801ED2E3 /* Pods-Archery Motion Study WatchKit Extension.release.xcconfig */;
			buildSettings = {
				ASSETCATALOG_COMPILER_COMPLICATION_NAME = Complication;
				CODE_SIGN_ENTITLEMENTS = "Archery Motion Study WatchKit Extension/Archery Motion Study WatchKit Extension.entitlements";
				CODE_SIGN_STYLE = Automatic;
				DEVELOPMENT_TEAM = F5G9LGK25B;
				INFOPLIST_FILE = "Archery Motion Study WatchKit Extension/Info.plist";
				LD_RUNPATH_SEARCH_PATHS = (
					"$(inherited)",
					"@executable_path/Frameworks",
					"@executable_path/../../Frameworks",
				);
				PRODUCT_BUNDLE_IDENTIFIER = "com.liebanajr.Archery-Motion-Study.watchkitapp.watchkitextension";
				PRODUCT_NAME = "${TARGET_NAME}";
				SDKROOT = watchos;
				SKIP_INSTALL = YES;
				SWIFT_VERSION = 5.0;
				TARGETED_DEVICE_FAMILY = 4;
				WATCHOS_DEPLOYMENT_TARGET = 5.0;
			};
			name = Release;
		};
		8A37D2DE232BB9470065CE08 /* Debug */ = {
			isa = XCBuildConfiguration;
			baseConfigurationReference = 06D6EA8F2A0BAFFA13B388F2 /* Pods-Archery Motion Study WatchKit App.debug.xcconfig */;
			buildSettings = {
				ALWAYS_EMBED_SWIFT_STANDARD_LIBRARIES = YES;
				ASSETCATALOG_COMPILER_APPICON_NAME = AppIcon;
				CODE_SIGN_STYLE = Automatic;
				DEVELOPMENT_TEAM = F5G9LGK25B;
				IBSC_MODULE = Archery_Motion_Study_WatchKit_Extension;
				INFOPLIST_FILE = "Archery Motion Study WatchKit App/Info.plist";
				PRODUCT_BUNDLE_IDENTIFIER = "com.liebanajr.Archery-Motion-Study.watchkitapp";
				PRODUCT_NAME = "$(TARGET_NAME)";
				SDKROOT = watchos;
				SKIP_INSTALL = YES;
				SWIFT_VERSION = 5.0;
				TARGETED_DEVICE_FAMILY = 4;
				WATCHOS_DEPLOYMENT_TARGET = 5.0;
			};
			name = Debug;
		};
		8A37D2DF232BB9470065CE08 /* Release */ = {
			isa = XCBuildConfiguration;
			baseConfigurationReference = 7F619BB0FCD438BD418A57E2 /* Pods-Archery Motion Study WatchKit App.release.xcconfig */;
			buildSettings = {
				ALWAYS_EMBED_SWIFT_STANDARD_LIBRARIES = YES;
				ASSETCATALOG_COMPILER_APPICON_NAME = AppIcon;
				CODE_SIGN_STYLE = Automatic;
				DEVELOPMENT_TEAM = F5G9LGK25B;
				IBSC_MODULE = Archery_Motion_Study_WatchKit_Extension;
				INFOPLIST_FILE = "Archery Motion Study WatchKit App/Info.plist";
				PRODUCT_BUNDLE_IDENTIFIER = "com.liebanajr.Archery-Motion-Study.watchkitapp";
				PRODUCT_NAME = "$(TARGET_NAME)";
				SDKROOT = watchos;
				SKIP_INSTALL = YES;
				SWIFT_VERSION = 5.0;
				TARGETED_DEVICE_FAMILY = 4;
				WATCHOS_DEPLOYMENT_TARGET = 5.0;
			};
			name = Release;
		};
		8A37D2E2232BB9470065CE08 /* Debug */ = {
			isa = XCBuildConfiguration;
			baseConfigurationReference = 165F47E5FB7D5B1D90DB9A28 /* Pods-Archery Motion Study.debug.xcconfig */;
			buildSettings = {
				ASSETCATALOG_COMPILER_APPICON_NAME = AppIcon;
				CODE_SIGN_STYLE = Automatic;
				DEVELOPMENT_TEAM = F5G9LGK25B;
				INFOPLIST_FILE = "Archery Motion Study/Info.plist";
				IPHONEOS_DEPLOYMENT_TARGET = 12.0;
				LD_RUNPATH_SEARCH_PATHS = (
					"$(inherited)",
					"@executable_path/Frameworks",
				);
				PRODUCT_BUNDLE_IDENTIFIER = "com.liebanajr.Archery-Motion-Study";
				PRODUCT_NAME = "$(TARGET_NAME)";
				SWIFT_VERSION = 5.0;
				TARGETED_DEVICE_FAMILY = 1;
			};
			name = Debug;
		};
		8A37D2E3232BB9470065CE08 /* Release */ = {
			isa = XCBuildConfiguration;
			baseConfigurationReference = 57E558DD5FAFE7964BF7DAC0 /* Pods-Archery Motion Study.release.xcconfig */;
			buildSettings = {
				ASSETCATALOG_COMPILER_APPICON_NAME = AppIcon;
				CODE_SIGN_STYLE = Automatic;
				DEVELOPMENT_TEAM = F5G9LGK25B;
				INFOPLIST_FILE = "Archery Motion Study/Info.plist";
				IPHONEOS_DEPLOYMENT_TARGET = 12.0;
				LD_RUNPATH_SEARCH_PATHS = (
					"$(inherited)",
					"@executable_path/Frameworks",
				);
				PRODUCT_BUNDLE_IDENTIFIER = "com.liebanajr.Archery-Motion-Study";
				PRODUCT_NAME = "$(TARGET_NAME)";
				SWIFT_VERSION = 5.0;
				TARGETED_DEVICE_FAMILY = 1;
			};
			name = Release;
		};
/* End XCBuildConfiguration section */

/* Begin XCConfigurationList section */
		8A37D2A3232BB9440065CE08 /* Build configuration list for PBXProject "Archery Motion Study" */ = {
			isa = XCConfigurationList;
			buildConfigurations = (
				8A37D2D7232BB9470065CE08 /* Debug */,
				8A37D2D8232BB9470065CE08 /* Release */,
			);
			defaultConfigurationIsVisible = 0;
			defaultConfigurationName = Release;
		};
		8A37D2D9232BB9470065CE08 /* Build configuration list for PBXNativeTarget "Archery Motion Study WatchKit Extension" */ = {
			isa = XCConfigurationList;
			buildConfigurations = (
				8A37D2DA232BB9470065CE08 /* Debug */,
				8A37D2DB232BB9470065CE08 /* Release */,
			);
			defaultConfigurationIsVisible = 0;
			defaultConfigurationName = Release;
		};
		8A37D2DD232BB9470065CE08 /* Build configuration list for PBXNativeTarget "Archery Motion Study WatchKit App" */ = {
			isa = XCConfigurationList;
			buildConfigurations = (
				8A37D2DE232BB9470065CE08 /* Debug */,
				8A37D2DF232BB9470065CE08 /* Release */,
			);
			defaultConfigurationIsVisible = 0;
			defaultConfigurationName = Release;
		};
		8A37D2E1232BB9470065CE08 /* Build configuration list for PBXNativeTarget "Archery Motion Study" */ = {
			isa = XCConfigurationList;
			buildConfigurations = (
				8A37D2E2232BB9470065CE08 /* Debug */,
				8A37D2E3232BB9470065CE08 /* Release */,
			);
			defaultConfigurationIsVisible = 0;
			defaultConfigurationName = Release;
		};
/* End XCConfigurationList section */

/* Begin XCVersionGroup section */
		8A6A41F4232ED6A600207CA6 /* Model.xcdatamodeld */ = {
			isa = XCVersionGroup;
			children = (
				8A6A41F5232ED6A600207CA6 /* Model.xcdatamodel */,
			);
			currentVersion = 8A6A41F5232ED6A600207CA6 /* Model.xcdatamodel */;
			path = Model.xcdatamodeld;
			sourceTree = "<group>";
			versionGroupType = wrapper.xcdatamodel;
		};
/* End XCVersionGroup section */
	};
	rootObject = 8A37D2A0232BB9440065CE08 /* Project object */;
}
