// !$*UTF8*$!
{
	archiveVersion = 1;
	classes = {
	};
	objectVersion = 52;
	objects = {

/* Begin PBXBuildFile section */
		8A002DA223466042000C14E1 /* SampleAverageManager.swift in Sources */ = {isa = PBXBuildFile; fileRef = 8A002DA123466042000C14E1 /* SampleAverageManager.swift */; };
		8A37D2AC232BB9440065CE08 /* AppDelegate.swift in Sources */ = {isa = PBXBuildFile; fileRef = 8A37D2AB232BB9440065CE08 /* AppDelegate.swift */; };
		8A37D2B0232BB9440065CE08 /* filesViewController.swift in Sources */ = {isa = PBXBuildFile; fileRef = 8A37D2AF232BB9440065CE08 /* filesViewController.swift */; };
		8A37D2B3232BB9440065CE08 /* Main.storyboard in Resources */ = {isa = PBXBuildFile; fileRef = 8A37D2B1232BB9440065CE08 /* Main.storyboard */; };
		8A37D2B5232BB9450065CE08 /* Assets.xcassets in Resources */ = {isa = PBXBuildFile; fileRef = 8A37D2B4232BB9450065CE08 /* Assets.xcassets */; };
		8A37D2B8232BB9450065CE08 /* LaunchScreen.storyboard in Resources */ = {isa = PBXBuildFile; fileRef = 8A37D2B6232BB9450065CE08 /* LaunchScreen.storyboard */; };
		8A37D2BD232BB9450065CE08 /* Archery Motion Study WatchKit App.app in Embed Watch Content */ = {isa = PBXBuildFile; fileRef = 8A37D2BC232BB9450065CE08 /* Archery Motion Study WatchKit App.app */; settings = {ATTRIBUTES = (RemoveHeadersOnCopy, ); }; };
		8A37D2C3232BB9450065CE08 /* Interface.storyboard in Resources */ = {isa = PBXBuildFile; fileRef = 8A37D2C1232BB9450065CE08 /* Interface.storyboard */; };
		8A37D2C5232BB9460065CE08 /* Assets.xcassets in Resources */ = {isa = PBXBuildFile; fileRef = 8A37D2C4232BB9460065CE08 /* Assets.xcassets */; };
		8A37D2CC232BB9460065CE08 /* Archery Motion Study WatchKit Extension.appex in Embed App Extensions */ = {isa = PBXBuildFile; fileRef = 8A37D2CB232BB9460065CE08 /* Archery Motion Study WatchKit Extension.appex */; settings = {ATTRIBUTES = (RemoveHeadersOnCopy, ); }; };
		8A37D2D1232BB9460065CE08 /* startViewController.swift in Sources */ = {isa = PBXBuildFile; fileRef = 8A37D2D0232BB9460065CE08 /* startViewController.swift */; };
		8A37D2D3232BB9460065CE08 /* ExtensionDelegate.swift in Sources */ = {isa = PBXBuildFile; fileRef = 8A37D2D2232BB9460065CE08 /* ExtensionDelegate.swift */; };
		8A37D2D5232BB9470065CE08 /* Assets.xcassets in Resources */ = {isa = PBXBuildFile; fileRef = 8A37D2D4232BB9470065CE08 /* Assets.xcassets */; };
		8A3B02E1232E973E007ECFBB /* SettingsInterfaceController.swift in Sources */ = {isa = PBXBuildFile; fileRef = 8A3B02E0232E973E007ECFBB /* SettingsInterfaceController.swift */; };
		8A6A41F6232ED6A600207CA6 /* Model.xcdatamodeld in Sources */ = {isa = PBXBuildFile; fileRef = 8A6A41F4232ED6A600207CA6 /* Model.xcdatamodeld */; };
		8A9E9AFD232F240F006A0B5C /* SceneDelegate.swift in Sources */ = {isa = PBXBuildFile; fileRef = 8A9E9AFC232F240F006A0B5C /* SceneDelegate.swift */; };
		8AA589EC232F125A007879E0 /* SpinnerViewController.swift in Sources */ = {isa = PBXBuildFile; fileRef = 8AA589EB232F125A007879E0 /* SpinnerViewController.swift */; };
		8AB2FE06233232A800C1F554 /* SensorDataSet.swift in Sources */ = {isa = PBXBuildFile; fileRef = 8AB2FE05233232A800C1F554 /* SensorDataSet.swift */; };
		8AC060FE233275D600F40881 /* FileItemViewCell.swift in Sources */ = {isa = PBXBuildFile; fileRef = 8AC060FD233275D600F40881 /* FileItemViewCell.swift */; };
		8AD78685232EC2EC005A9761 /* GoogleService-Info.plist in Resources */ = {isa = PBXBuildFile; fileRef = 8AD78684232EC2EC005A9761 /* GoogleService-Info.plist */; };
		8ADC42C723312408005B079F /* ChartViewController.swift in Sources */ = {isa = PBXBuildFile; fileRef = 8ADC42C623312408005B079F /* ChartViewController.swift */; };
		9506C21C2580F4BB00B4E85D /* FirebaseStorage in Frameworks */ = {isa = PBXBuildFile; productRef = 9506C21B2580F4BB00B4E85D /* FirebaseStorage */; };
		9506C22B2580F5A900B4E85D /* Charts in Frameworks */ = {isa = PBXBuildFile; productRef = 9506C22A2580F5A900B4E85D /* Charts */; };
		9506C2392580F65D00B4E85D /* IQKeyboardManagerSwift in Frameworks */ = {isa = PBXBuildFile; productRef = 9506C2382580F65D00B4E85D /* IQKeyboardManagerSwift */; };
		954271F7258697C7002EA242 /* SyncWorkoutManager.swift in Sources */ = {isa = PBXBuildFile; fileRef = 954271F6258697C7002EA242 /* SyncWorkoutManager.swift */; };
		954271FC2586AFE3002EA242 /* RemoteControlViewController.swift in Sources */ = {isa = PBXBuildFile; fileRef = 954271FB2586AFE3002EA242 /* RemoteControlViewController.swift */; };
		95DF6A1424B097D6002BE13A /* ChartSelectionCell.swift in Sources */ = {isa = PBXBuildFile; fileRef = 95DF6A1324B097D6002BE13A /* ChartSelectionCell.swift */; };
		95DFFD042580F70E00599F5F /* SwiftSpinner in Frameworks */ = {isa = PBXBuildFile; productRef = 95DFFD032580F70E00599F5F /* SwiftSpinner */; };
		95E1FF08257A83F600A55818 /* EditSessionViewController.swift in Sources */ = {isa = PBXBuildFile; fileRef = 95E1FF07257A83F600A55818 /* EditSessionViewController.swift */; };
		95E8FD7824ABA10A00F12C3C /* Log.swift in Sources */ = {isa = PBXBuildFile; fileRef = 95E8FD7724ABA10A00F12C3C /* Log.swift */; };
		95E8FD7924ABA10A00F12C3C /* Log.swift in Sources */ = {isa = PBXBuildFile; fileRef = 95E8FD7724ABA10A00F12C3C /* Log.swift */; };
		95E8FD7A24ABA19B00F12C3C /* Constants.swift in Sources */ = {isa = PBXBuildFile; fileRef = D9917BE4237C46960078B6A4 /* Constants.swift */; };
		95FDC42525866EA200EA30BD /* ShotsWorkoutManager.framework in Frameworks */ = {isa = PBXBuildFile; fileRef = 95FDC42025866B5900EA30BD /* ShotsWorkoutManager.framework */; };
		95FDC42625866EA200EA30BD /* ShotsWorkoutManager.framework in Embed Frameworks */ = {isa = PBXBuildFile; fileRef = 95FDC42025866B5900EA30BD /* ShotsWorkoutManager.framework */; settings = {ATTRIBUTES = (CodeSignOnCopy, RemoveHeadersOnCopy, ); }; };
		95FE2050257FBD09001F11C5 /* WorkoutSessionCell2.xib in Resources */ = {isa = PBXBuildFile; fileRef = 95FE204C257FBCF7001F11C5 /* WorkoutSessionCell2.xib */; };
		D966A64F2371FD8F00EB2141 /* SettingsViewController.swift in Sources */ = {isa = PBXBuildFile; fileRef = D966A64E2371FD8F00EB2141 /* SettingsViewController.swift */; };
		D966A652237204DD00EB2141 /* HealthKit.framework in Frameworks */ = {isa = PBXBuildFile; fileRef = D966A651237204DD00EB2141 /* HealthKit.framework */; };
		D966A654237230B800EB2141 /* WorkoutInterfaceController.swift in Sources */ = {isa = PBXBuildFile; fileRef = D966A653237230B800EB2141 /* WorkoutInterfaceController.swift */; };
		D966BED42384C5DA00504631 /* AdminViewController.swift in Sources */ = {isa = PBXBuildFile; fileRef = D966BED32384C5DA00504631 /* AdminViewController.swift */; };
		D98422C52375E482003130E7 /* WorkoutSessionsViewController.swift in Sources */ = {isa = PBXBuildFile; fileRef = D98422C42375E482003130E7 /* WorkoutSessionsViewController.swift */; };
		D98422C82375EDE9003130E7 /* WorkoutSessionCell.swift in Sources */ = {isa = PBXBuildFile; fileRef = D98422C62375EDE9003130E7 /* WorkoutSessionCell.swift */; };
		D98422C92375EDE9003130E7 /* WorkoutSessionCell.xib in Resources */ = {isa = PBXBuildFile; fileRef = D98422C72375EDE9003130E7 /* WorkoutSessionCell.xib */; };
		D9917BE5237C46960078B6A4 /* Constants.swift in Sources */ = {isa = PBXBuildFile; fileRef = D9917BE4237C46960078B6A4 /* Constants.swift */; };
		D9917BEC237C8E9F0078B6A4 /* Localizable.strings in Resources */ = {isa = PBXBuildFile; fileRef = D9917BEE237C8E9F0078B6A4 /* Localizable.strings */; };
		D9967F76237E0EB500C2253C /* Localizable.strings in Resources */ = {isa = PBXBuildFile; fileRef = D9967F78237E0EB500C2253C /* Localizable.strings */; };
		D99FE742237F57C800E4809A /* SettingsRowController.swift in Sources */ = {isa = PBXBuildFile; fileRef = D99FE741237F57C800E4809A /* SettingsRowController.swift */; };
		D99FE744237F6A8100E4809A /* DefaultsInterfaceController.swift in Sources */ = {isa = PBXBuildFile; fileRef = D99FE743237F6A8100E4809A /* DefaultsInterfaceController.swift */; };
		D9B3DAC92409940D00332408 /* ArrowNumberPickerInterfaceController.swift in Sources */ = {isa = PBXBuildFile; fileRef = D9B3DAC82409940D00332408 /* ArrowNumberPickerInterfaceController.swift */; };
		D9C2FAA823A04015000284D1 /* TabBarViewController.swift in Sources */ = {isa = PBXBuildFile; fileRef = D9C2FAA723A04015000284D1 /* TabBarViewController.swift */; };
/* End PBXBuildFile section */

/* Begin PBXContainerItemProxy section */
		8A37D2BE232BB9450065CE08 /* PBXContainerItemProxy */ = {
			isa = PBXContainerItemProxy;
			containerPortal = 8A37D2A0232BB9440065CE08 /* Project object */;
			proxyType = 1;
			remoteGlobalIDString = 8A37D2BB232BB9450065CE08;
			remoteInfo = "Archery Motion Study WatchKit App";
		};
		8A37D2CD232BB9460065CE08 /* PBXContainerItemProxy */ = {
			isa = PBXContainerItemProxy;
			containerPortal = 8A37D2A0232BB9440065CE08 /* Project object */;
			proxyType = 1;
			remoteGlobalIDString = 8A37D2CA232BB9460065CE08;
			remoteInfo = "Archery Motion Study WatchKit Extension";
		};
		954B59D02587F2BE00F5DA0D /* PBXContainerItemProxy */ = {
			isa = PBXContainerItemProxy;
			containerPortal = 95FDC41B25866B5900EA30BD /* ShotsWorkoutManager.xcodeproj */;
			proxyType = 1;
			remoteGlobalIDString = 95FDC3FC25866AD100EA30BD;
			remoteInfo = ShotsWorkoutManager;
		};
		95FDC41F25866B5900EA30BD /* PBXContainerItemProxy */ = {
			isa = PBXContainerItemProxy;
			containerPortal = 95FDC41B25866B5900EA30BD /* ShotsWorkoutManager.xcodeproj */;
			proxyType = 2;
			remoteGlobalIDString = 95FDC3FD25866AD100EA30BD;
			remoteInfo = ShotsWorkoutManager;
		};
/* End PBXContainerItemProxy section */

/* Begin PBXCopyFilesBuildPhase section */
		8A37D2DC232BB9470065CE08 /* Embed App Extensions */ = {
			isa = PBXCopyFilesBuildPhase;
			buildActionMask = 2147483647;
			dstPath = "";
			dstSubfolderSpec = 13;
			files = (
				8A37D2CC232BB9460065CE08 /* Archery Motion Study WatchKit Extension.appex in Embed App Extensions */,
			);
			name = "Embed App Extensions";
			runOnlyForDeploymentPostprocessing = 0;
		};
		8A37D2E0232BB9470065CE08 /* Embed Watch Content */ = {
			isa = PBXCopyFilesBuildPhase;
			buildActionMask = 2147483647;
			dstPath = "$(CONTENTS_FOLDER_PATH)/Watch";
			dstSubfolderSpec = 16;
			files = (
				8A37D2BD232BB9450065CE08 /* Archery Motion Study WatchKit App.app in Embed Watch Content */,
			);
			name = "Embed Watch Content";
			runOnlyForDeploymentPostprocessing = 0;
		};
		95FDC42725866EA200EA30BD /* Embed Frameworks */ = {
			isa = PBXCopyFilesBuildPhase;
			buildActionMask = 2147483647;
			dstPath = "";
			dstSubfolderSpec = 10;
			files = (
				95FDC42625866EA200EA30BD /* ShotsWorkoutManager.framework in Embed Frameworks */,
			);
			name = "Embed Frameworks";
			runOnlyForDeploymentPostprocessing = 0;
		};
/* End PBXCopyFilesBuildPhase section */

/* Begin PBXFileReference section */
		8A002DA123466042000C14E1 /* SampleAverageManager.swift */ = {isa = PBXFileReference; lastKnownFileType = sourcecode.swift; path = SampleAverageManager.swift; sourceTree = "<group>"; };
		8A37D2A8232BB9440065CE08 /* Archery Motion Study.app */ = {isa = PBXFileReference; explicitFileType = wrapper.application; includeInIndex = 0; path = "Archery Motion Study.app"; sourceTree = BUILT_PRODUCTS_DIR; };
		8A37D2AB232BB9440065CE08 /* AppDelegate.swift */ = {isa = PBXFileReference; lastKnownFileType = sourcecode.swift; path = AppDelegate.swift; sourceTree = "<group>"; };
		8A37D2AF232BB9440065CE08 /* filesViewController.swift */ = {isa = PBXFileReference; lastKnownFileType = sourcecode.swift; path = filesViewController.swift; sourceTree = "<group>"; };
		8A37D2B2232BB9440065CE08 /* Base */ = {isa = PBXFileReference; lastKnownFileType = file.storyboard; name = Base; path = Base.lproj/Main.storyboard; sourceTree = "<group>"; };
		8A37D2B4232BB9450065CE08 /* Assets.xcassets */ = {isa = PBXFileReference; lastKnownFileType = folder.assetcatalog; path = Assets.xcassets; sourceTree = "<group>"; };
		8A37D2B7232BB9450065CE08 /* Base */ = {isa = PBXFileReference; lastKnownFileType = file.storyboard; name = Base; path = Base.lproj/LaunchScreen.storyboard; sourceTree = "<group>"; };
		8A37D2B9232BB9450065CE08 /* Info.plist */ = {isa = PBXFileReference; lastKnownFileType = text.plist.xml; path = Info.plist; sourceTree = "<group>"; };
		8A37D2BC232BB9450065CE08 /* Archery Motion Study WatchKit App.app */ = {isa = PBXFileReference; explicitFileType = wrapper.application; includeInIndex = 0; path = "Archery Motion Study WatchKit App.app"; sourceTree = BUILT_PRODUCTS_DIR; };
		8A37D2C2232BB9450065CE08 /* Base */ = {isa = PBXFileReference; lastKnownFileType = file.storyboard; name = Base; path = Base.lproj/Interface.storyboard; sourceTree = "<group>"; };
		8A37D2C4232BB9460065CE08 /* Assets.xcassets */ = {isa = PBXFileReference; lastKnownFileType = folder.assetcatalog; path = Assets.xcassets; sourceTree = "<group>"; };
		8A37D2C6232BB9460065CE08 /* Info.plist */ = {isa = PBXFileReference; lastKnownFileType = text.plist.xml; path = Info.plist; sourceTree = "<group>"; };
		8A37D2CB232BB9460065CE08 /* Archery Motion Study WatchKit Extension.appex */ = {isa = PBXFileReference; explicitFileType = "wrapper.app-extension"; includeInIndex = 0; path = "Archery Motion Study WatchKit Extension.appex"; sourceTree = BUILT_PRODUCTS_DIR; };
		8A37D2D0232BB9460065CE08 /* startViewController.swift */ = {isa = PBXFileReference; lastKnownFileType = sourcecode.swift; path = startViewController.swift; sourceTree = "<group>"; };
		8A37D2D2232BB9460065CE08 /* ExtensionDelegate.swift */ = {isa = PBXFileReference; lastKnownFileType = sourcecode.swift; path = ExtensionDelegate.swift; sourceTree = "<group>"; };
		8A37D2D4232BB9470065CE08 /* Assets.xcassets */ = {isa = PBXFileReference; lastKnownFileType = folder.assetcatalog; path = Assets.xcassets; sourceTree = "<group>"; };
		8A37D2D6232BB9470065CE08 /* Info.plist */ = {isa = PBXFileReference; lastKnownFileType = text.plist.xml; path = Info.plist; sourceTree = "<group>"; };
		8A3B02E0232E973E007ECFBB /* SettingsInterfaceController.swift */ = {isa = PBXFileReference; lastKnownFileType = sourcecode.swift; path = SettingsInterfaceController.swift; sourceTree = "<group>"; };
		8A6A41F5232ED6A600207CA6 /* Model.xcdatamodel */ = {isa = PBXFileReference; lastKnownFileType = wrapper.xcdatamodel; path = Model.xcdatamodel; sourceTree = "<group>"; };
		8A7DB34823302C5700781F0D /* Archery Motion Study WatchKit Extension.entitlements */ = {isa = PBXFileReference; lastKnownFileType = text.plist.entitlements; path = "Archery Motion Study WatchKit Extension.entitlements"; sourceTree = "<group>"; };
		8A9E9AFC232F240F006A0B5C /* SceneDelegate.swift */ = {isa = PBXFileReference; fileEncoding = 4; lastKnownFileType = sourcecode.swift; path = SceneDelegate.swift; sourceTree = "<group>"; };
		8AA589EB232F125A007879E0 /* SpinnerViewController.swift */ = {isa = PBXFileReference; lastKnownFileType = sourcecode.swift; path = SpinnerViewController.swift; sourceTree = "<group>"; };
		8AB2FE05233232A800C1F554 /* SensorDataSet.swift */ = {isa = PBXFileReference; lastKnownFileType = sourcecode.swift; path = SensorDataSet.swift; sourceTree = "<group>"; };
		8AC060FD233275D600F40881 /* FileItemViewCell.swift */ = {isa = PBXFileReference; lastKnownFileType = sourcecode.swift; path = FileItemViewCell.swift; sourceTree = "<group>"; };
		8AD78684232EC2EC005A9761 /* GoogleService-Info.plist */ = {isa = PBXFileReference; fileEncoding = 4; lastKnownFileType = text.plist.xml; path = "GoogleService-Info.plist"; sourceTree = "<group>"; };
		8ADC42C623312408005B079F /* ChartViewController.swift */ = {isa = PBXFileReference; lastKnownFileType = sourcecode.swift; path = ChartViewController.swift; sourceTree = "<group>"; };
		9506C2162580E80D00B4E85D /* es */ = {isa = PBXFileReference; lastKnownFileType = text.plist.strings; name = es; path = es.lproj/Main.strings; sourceTree = "<group>"; };
		954271F6258697C7002EA242 /* SyncWorkoutManager.swift */ = {isa = PBXFileReference; lastKnownFileType = sourcecode.swift; path = SyncWorkoutManager.swift; sourceTree = "<group>"; };
		954271FB2586AFE3002EA242 /* RemoteControlViewController.swift */ = {isa = PBXFileReference; lastKnownFileType = sourcecode.swift; path = RemoteControlViewController.swift; sourceTree = "<group>"; };
		95DF6A1324B097D6002BE13A /* ChartSelectionCell.swift */ = {isa = PBXFileReference; lastKnownFileType = sourcecode.swift; path = ChartSelectionCell.swift; sourceTree = "<group>"; };
		95E1FF07257A83F600A55818 /* EditSessionViewController.swift */ = {isa = PBXFileReference; lastKnownFileType = sourcecode.swift; path = EditSessionViewController.swift; sourceTree = "<group>"; };
		95E8FD7724ABA10A00F12C3C /* Log.swift */ = {isa = PBXFileReference; fileEncoding = 4; lastKnownFileType = sourcecode.swift; path = Log.swift; sourceTree = "<group>"; };
		95FDC41B25866B5900EA30BD /* ShotsWorkoutManager.xcodeproj */ = {isa = PBXFileReference; lastKnownFileType = "wrapper.pb-project"; name = ShotsWorkoutManager.xcodeproj; path = ../LIBRARIES/ShotsWorkoutManager/ShotsWorkoutManager/ShotsWorkoutManager.xcodeproj; sourceTree = "<group>"; };
		95FE204C257FBCF7001F11C5 /* WorkoutSessionCell2.xib */ = {isa = PBXFileReference; lastKnownFileType = file.xib; path = WorkoutSessionCell2.xib; sourceTree = "<group>"; };
		D92504692381684A001AD73D /* es */ = {isa = PBXFileReference; lastKnownFileType = text.plist.strings; name = es; path = es.lproj/Interface.strings; sourceTree = "<group>"; };
		D966A64E2371FD8F00EB2141 /* SettingsViewController.swift */ = {isa = PBXFileReference; lastKnownFileType = sourcecode.swift; path = SettingsViewController.swift; sourceTree = "<group>"; };
		D966A650237204DD00EB2141 /* Archery Motion StudyDebug.entitlements */ = {isa = PBXFileReference; lastKnownFileType = text.plist.entitlements; path = "Archery Motion StudyDebug.entitlements"; sourceTree = "<group>"; };
		D966A651237204DD00EB2141 /* HealthKit.framework */ = {isa = PBXFileReference; lastKnownFileType = wrapper.framework; name = HealthKit.framework; path = System/Library/Frameworks/HealthKit.framework; sourceTree = SDKROOT; };
		D966A653237230B800EB2141 /* WorkoutInterfaceController.swift */ = {isa = PBXFileReference; lastKnownFileType = sourcecode.swift; path = WorkoutInterfaceController.swift; sourceTree = "<group>"; };
		D966BED32384C5DA00504631 /* AdminViewController.swift */ = {isa = PBXFileReference; fileEncoding = 4; lastKnownFileType = sourcecode.swift; path = AdminViewController.swift; sourceTree = "<group>"; };
		D98422C42375E482003130E7 /* WorkoutSessionsViewController.swift */ = {isa = PBXFileReference; lastKnownFileType = sourcecode.swift; path = WorkoutSessionsViewController.swift; sourceTree = "<group>"; };
		D98422C62375EDE9003130E7 /* WorkoutSessionCell.swift */ = {isa = PBXFileReference; lastKnownFileType = sourcecode.swift; path = WorkoutSessionCell.swift; sourceTree = "<group>"; };
		D98422C72375EDE9003130E7 /* WorkoutSessionCell.xib */ = {isa = PBXFileReference; lastKnownFileType = file.xib; path = WorkoutSessionCell.xib; sourceTree = "<group>"; };
		D9917BE4237C46960078B6A4 /* Constants.swift */ = {isa = PBXFileReference; lastKnownFileType = sourcecode.swift; path = Constants.swift; sourceTree = "<group>"; };
		D9917BED237C8E9F0078B6A4 /* es */ = {isa = PBXFileReference; lastKnownFileType = text.plist.strings; name = es; path = es.lproj/Localizable.strings; sourceTree = "<group>"; };
		D9917BF0237C8F710078B6A4 /* en */ = {isa = PBXFileReference; lastKnownFileType = text.plist.strings; name = en; path = en.lproj/Localizable.strings; sourceTree = "<group>"; };
		D9967F77237E0EB500C2253C /* es */ = {isa = PBXFileReference; lastKnownFileType = text.plist.strings; name = es; path = es.lproj/Localizable.strings; sourceTree = "<group>"; };
		D9967F79237E0EBD00C2253C /* en */ = {isa = PBXFileReference; lastKnownFileType = text.plist.strings; name = en; path = en.lproj/Localizable.strings; sourceTree = "<group>"; };
		D99FE741237F57C800E4809A /* SettingsRowController.swift */ = {isa = PBXFileReference; lastKnownFileType = sourcecode.swift; path = SettingsRowController.swift; sourceTree = "<group>"; };
		D99FE743237F6A8100E4809A /* DefaultsInterfaceController.swift */ = {isa = PBXFileReference; lastKnownFileType = sourcecode.swift; path = DefaultsInterfaceController.swift; sourceTree = "<group>"; };
		D9B3DAC82409940D00332408 /* ArrowNumberPickerInterfaceController.swift */ = {isa = PBXFileReference; lastKnownFileType = sourcecode.swift; path = ArrowNumberPickerInterfaceController.swift; sourceTree = "<group>"; };
		D9C2FAA723A04015000284D1 /* TabBarViewController.swift */ = {isa = PBXFileReference; lastKnownFileType = sourcecode.swift; path = TabBarViewController.swift; sourceTree = "<group>"; };
/* End PBXFileReference section */

/* Begin PBXFrameworksBuildPhase section */
		2E03C9D9EAC173A5232CD5E2 /* Frameworks */ = {
			isa = PBXFrameworksBuildPhase;
			buildActionMask = 2147483647;
			files = (
			);
			runOnlyForDeploymentPostprocessing = 0;
		};
		8A37D2A5232BB9440065CE08 /* Frameworks */ = {
			isa = PBXFrameworksBuildPhase;
			buildActionMask = 2147483647;
			files = (
				9506C2392580F65D00B4E85D /* IQKeyboardManagerSwift in Frameworks */,
				D966A652237204DD00EB2141 /* HealthKit.framework in Frameworks */,
				95DFFD042580F70E00599F5F /* SwiftSpinner in Frameworks */,
				9506C21C2580F4BB00B4E85D /* FirebaseStorage in Frameworks */,
				9506C22B2580F5A900B4E85D /* Charts in Frameworks */,
			);
			runOnlyForDeploymentPostprocessing = 0;
		};
		8A37D2C8232BB9460065CE08 /* Frameworks */ = {
			isa = PBXFrameworksBuildPhase;
			buildActionMask = 2147483647;
			files = (
				95FDC42525866EA200EA30BD /* ShotsWorkoutManager.framework in Frameworks */,
			);
			runOnlyForDeploymentPostprocessing = 0;
		};
/* End PBXFrameworksBuildPhase section */

/* Begin PBXGroup section */
		4596ABD710EFABDA1BD012FB /* Frameworks */ = {
			isa = PBXGroup;
			children = (
				D966A651237204DD00EB2141 /* HealthKit.framework */,
			);
			name = Frameworks;
			sourceTree = "<group>";
		};
		8A37D29F232BB9440065CE08 = {
			isa = PBXGroup;
			children = (
				95FDC41B25866B5900EA30BD /* ShotsWorkoutManager.xcodeproj */,
				95E8FD7724ABA10A00F12C3C /* Log.swift */,
				D9917BE4237C46960078B6A4 /* Constants.swift */,
				8A37D2AA232BB9440065CE08 /* Archery Motion Study */,
				8A37D2C0232BB9450065CE08 /* Archery Motion Study WatchKit App */,
				8A37D2CF232BB9460065CE08 /* Archery Motion Study WatchKit Extension */,
				8A37D2A9232BB9440065CE08 /* Products */,
				4596ABD710EFABDA1BD012FB /* Frameworks */,
			);
			sourceTree = "<group>";
		};
		8A37D2A9232BB9440065CE08 /* Products */ = {
			isa = PBXGroup;
			children = (
				8A37D2A8232BB9440065CE08 /* Archery Motion Study.app */,
				8A37D2BC232BB9450065CE08 /* Archery Motion Study WatchKit App.app */,
				8A37D2CB232BB9460065CE08 /* Archery Motion Study WatchKit Extension.appex */,
			);
			name = Products;
			sourceTree = "<group>";
		};
		8A37D2AA232BB9440065CE08 /* Archery Motion Study */ = {
			isa = PBXGroup;
			children = (
				D966A650237204DD00EB2141 /* Archery Motion StudyDebug.entitlements */,
				8A6A41F3232ED67300207CA6 /* Controller */,
				8A6A41F2232ED66B00207CA6 /* View */,
				8A6A41F1232ED65A00207CA6 /* Model */,
				8A37D2B4232BB9450065CE08 /* Assets.xcassets */,
				8A37D2B9232BB9450065CE08 /* Info.plist */,
				8AD78684232EC2EC005A9761 /* GoogleService-Info.plist */,
				D9917BEE237C8E9F0078B6A4 /* Localizable.strings */,
			);
			path = "Archery Motion Study";
			sourceTree = "<group>";
		};
		8A37D2C0232BB9450065CE08 /* Archery Motion Study WatchKit App */ = {
			isa = PBXGroup;
			children = (
				8A37D2C1232BB9450065CE08 /* Interface.storyboard */,
				8A37D2C4232BB9460065CE08 /* Assets.xcassets */,
				8A37D2C6232BB9460065CE08 /* Info.plist */,
			);
			path = "Archery Motion Study WatchKit App";
			sourceTree = "<group>";
		};
		8A37D2CF232BB9460065CE08 /* Archery Motion Study WatchKit Extension */ = {
			isa = PBXGroup;
			children = (
				8A7DB34823302C5700781F0D /* Archery Motion Study WatchKit Extension.entitlements */,
				8A37D2D0232BB9460065CE08 /* startViewController.swift */,
				8A37D2D2232BB9460065CE08 /* ExtensionDelegate.swift */,
				8A37D2D4232BB9470065CE08 /* Assets.xcassets */,
				8A37D2D6232BB9470065CE08 /* Info.plist */,
				8A3B02E0232E973E007ECFBB /* SettingsInterfaceController.swift */,
				D966A653237230B800EB2141 /* WorkoutInterfaceController.swift */,
				D9967F78237E0EB500C2253C /* Localizable.strings */,
				D99FE741237F57C800E4809A /* SettingsRowController.swift */,
				D99FE743237F6A8100E4809A /* DefaultsInterfaceController.swift */,
				D9B3DAC82409940D00332408 /* ArrowNumberPickerInterfaceController.swift */,
				954271F6258697C7002EA242 /* SyncWorkoutManager.swift */,
			);
			path = "Archery Motion Study WatchKit Extension";
			sourceTree = "<group>";
		};
		8A6A41F1232ED65A00207CA6 /* Model */ = {
			isa = PBXGroup;
			children = (
				8A6A41F4232ED6A600207CA6 /* Model.xcdatamodeld */,
				8AB2FE05233232A800C1F554 /* SensorDataSet.swift */,
				8A002DA123466042000C14E1 /* SampleAverageManager.swift */,
			);
			path = Model;
			sourceTree = "<group>";
		};
		8A6A41F2232ED66B00207CA6 /* View */ = {
			isa = PBXGroup;
			children = (
				8A37D2B6232BB9450065CE08 /* LaunchScreen.storyboard */,
				8A37D2B1232BB9440065CE08 /* Main.storyboard */,
				8AC060FD233275D600F40881 /* FileItemViewCell.swift */,
				D98422C62375EDE9003130E7 /* WorkoutSessionCell.swift */,
				D98422C72375EDE9003130E7 /* WorkoutSessionCell.xib */,
				95FE204C257FBCF7001F11C5 /* WorkoutSessionCell2.xib */,
				95DF6A1324B097D6002BE13A /* ChartSelectionCell.swift */,
			);
			path = View;
			sourceTree = "<group>";
		};
		8A6A41F3232ED67300207CA6 /* Controller */ = {
			isa = PBXGroup;
			children = (
				8A37D2AB232BB9440065CE08 /* AppDelegate.swift */,
				8A37D2AF232BB9440065CE08 /* filesViewController.swift */,
				8A9E9AFC232F240F006A0B5C /* SceneDelegate.swift */,
				8ADC42C623312408005B079F /* ChartViewController.swift */,
				8AA589EB232F125A007879E0 /* SpinnerViewController.swift */,
				D966BED32384C5DA00504631 /* AdminViewController.swift */,
				D966A64E2371FD8F00EB2141 /* SettingsViewController.swift */,
				D98422C42375E482003130E7 /* WorkoutSessionsViewController.swift */,
				D9C2FAA723A04015000284D1 /* TabBarViewController.swift */,
				95E1FF07257A83F600A55818 /* EditSessionViewController.swift */,
				954271FB2586AFE3002EA242 /* RemoteControlViewController.swift */,
			);
			path = Controller;
			sourceTree = "<group>";
		};
		95FDC41C25866B5900EA30BD /* Products */ = {
			isa = PBXGroup;
			children = (
				95FDC42025866B5900EA30BD /* ShotsWorkoutManager.framework */,
			);
			name = Products;
			sourceTree = "<group>";
		};
/* End PBXGroup section */

/* Begin PBXNativeTarget section */
		8A37D2A7232BB9440065CE08 /* Archery Motion Study */ = {
			isa = PBXNativeTarget;
			buildConfigurationList = 8A37D2E1232BB9470065CE08 /* Build configuration list for PBXNativeTarget "Archery Motion Study" */;
			buildPhases = (
				8A37D2A4232BB9440065CE08 /* Sources */,
				8A37D2A5232BB9440065CE08 /* Frameworks */,
				8A37D2A6232BB9440065CE08 /* Resources */,
				8A37D2E0232BB9470065CE08 /* Embed Watch Content */,
			);
			buildRules = (
			);
			dependencies = (
				8A37D2BF232BB9450065CE08 /* PBXTargetDependency */,
			);
			name = "Archery Motion Study";
			packageProductDependencies = (
				9506C21B2580F4BB00B4E85D /* FirebaseStorage */,
				9506C22A2580F5A900B4E85D /* Charts */,
				9506C2382580F65D00B4E85D /* IQKeyboardManagerSwift */,
				95DFFD032580F70E00599F5F /* SwiftSpinner */,
			);
			productName = "Archery Motion Study";
			productReference = 8A37D2A8232BB9440065CE08 /* Archery Motion Study.app */;
			productType = "com.apple.product-type.application";
		};
		8A37D2BB232BB9450065CE08 /* Archery Motion Study WatchKit App */ = {
			isa = PBXNativeTarget;
			buildConfigurationList = 8A37D2DD232BB9470065CE08 /* Build configuration list for PBXNativeTarget "Archery Motion Study WatchKit App" */;
			buildPhases = (
				8A37D2BA232BB9450065CE08 /* Resources */,
				8A37D2DC232BB9470065CE08 /* Embed App Extensions */,
				2E03C9D9EAC173A5232CD5E2 /* Frameworks */,
			);
			buildRules = (
			);
			dependencies = (
				8A37D2CE232BB9460065CE08 /* PBXTargetDependency */,
			);
			name = "Archery Motion Study WatchKit App";
			productName = "Archery Motion Study WatchKit App";
			productReference = 8A37D2BC232BB9450065CE08 /* Archery Motion Study WatchKit App.app */;
			productType = "com.apple.product-type.application.watchapp2";
		};
		8A37D2CA232BB9460065CE08 /* Archery Motion Study WatchKit Extension */ = {
			isa = PBXNativeTarget;
			buildConfigurationList = 8A37D2D9232BB9470065CE08 /* Build configuration list for PBXNativeTarget "Archery Motion Study WatchKit Extension" */;
			buildPhases = (
				8A37D2C7232BB9460065CE08 /* Sources */,
				8A37D2C8232BB9460065CE08 /* Frameworks */,
				8A37D2C9232BB9460065CE08 /* Resources */,
				95FDC42725866EA200EA30BD /* Embed Frameworks */,
			);
			buildRules = (
			);
			dependencies = (
				954B59D12587F2BE00F5DA0D /* PBXTargetDependency */,
			);
			name = "Archery Motion Study WatchKit Extension";
			productName = "Archery Motion Study WatchKit Extension";
			productReference = 8A37D2CB232BB9460065CE08 /* Archery Motion Study WatchKit Extension.appex */;
			productType = "com.apple.product-type.watchkit2-extension";
		};
/* End PBXNativeTarget section */

/* Begin PBXProject section */
		8A37D2A0232BB9440065CE08 /* Project object */ = {
			isa = PBXProject;
			attributes = {
				LastSwiftUpdateCheck = 1100;
				LastUpgradeCheck = 1200;
				ORGANIZATIONNAME = liebanajr;
				TargetAttributes = {
					8A37D2A7232BB9440065CE08 = {
						CreatedOnToolsVersion = 11.0;
					};
					8A37D2BB232BB9450065CE08 = {
						CreatedOnToolsVersion = 11.0;
					};
					8A37D2CA232BB9460065CE08 = {
						CreatedOnToolsVersion = 11.0;
					};
				};
			};
			buildConfigurationList = 8A37D2A3232BB9440065CE08 /* Build configuration list for PBXProject "Archery Motion Study" */;
			compatibilityVersion = "Xcode 9.3";
			developmentRegion = en;
			hasScannedForEncodings = 0;
			knownRegions = (
				en,
				Base,
				es,
			);
			mainGroup = 8A37D29F232BB9440065CE08;
			packageReferences = (
				9506C21A2580F4BB00B4E85D /* XCRemoteSwiftPackageReference "firebase-ios-sdk" */,
				9506C2292580F5A900B4E85D /* XCRemoteSwiftPackageReference "Charts" */,
				9506C2372580F65D00B4E85D /* XCRemoteSwiftPackageReference "IQKeyboardManager" */,
				95DFFD022580F70E00599F5F /* XCRemoteSwiftPackageReference "SwiftSpinner" */,
			);
			productRefGroup = 8A37D2A9232BB9440065CE08 /* Products */;
			projectDirPath = "";
			projectReferences = (
				{
					ProductGroup = 95FDC41C25866B5900EA30BD /* Products */;
					ProjectRef = 95FDC41B25866B5900EA30BD /* ShotsWorkoutManager.xcodeproj */;
				},
			);
			projectRoot = "";
			targets = (
				8A37D2A7232BB9440065CE08 /* Archery Motion Study */,
				8A37D2BB232BB9450065CE08 /* Archery Motion Study WatchKit App */,
				8A37D2CA232BB9460065CE08 /* Archery Motion Study WatchKit Extension */,
			);
		};
/* End PBXProject section */

/* Begin PBXReferenceProxy section */
		95FDC42025866B5900EA30BD /* ShotsWorkoutManager.framework */ = {
			isa = PBXReferenceProxy;
			fileType = wrapper.framework;
			path = ShotsWorkoutManager.framework;
			remoteRef = 95FDC41F25866B5900EA30BD /* PBXContainerItemProxy */;
			sourceTree = BUILT_PRODUCTS_DIR;
		};
/* End PBXReferenceProxy section */

/* Begin PBXResourcesBuildPhase section */
		8A37D2A6232BB9440065CE08 /* Resources */ = {
			isa = PBXResourcesBuildPhase;
			buildActionMask = 2147483647;
			files = (
				8A37D2B8232BB9450065CE08 /* LaunchScreen.storyboard in Resources */,
				D9917BEC237C8E9F0078B6A4 /* Localizable.strings in Resources */,
				8AD78685232EC2EC005A9761 /* GoogleService-Info.plist in Resources */,
				8A37D2B5232BB9450065CE08 /* Assets.xcassets in Resources */,
				95FE2050257FBD09001F11C5 /* WorkoutSessionCell2.xib in Resources */,
				8A37D2B3232BB9440065CE08 /* Main.storyboard in Resources */,
				D98422C92375EDE9003130E7 /* WorkoutSessionCell.xib in Resources */,
			);
			runOnlyForDeploymentPostprocessing = 0;
		};
		8A37D2BA232BB9450065CE08 /* Resources */ = {
			isa = PBXResourcesBuildPhase;
			buildActionMask = 2147483647;
			files = (
				8A37D2C5232BB9460065CE08 /* Assets.xcassets in Resources */,
				8A37D2C3232BB9450065CE08 /* Interface.storyboard in Resources */,
			);
			runOnlyForDeploymentPostprocessing = 0;
		};
		8A37D2C9232BB9460065CE08 /* Resources */ = {
			isa = PBXResourcesBuildPhase;
			buildActionMask = 2147483647;
			files = (
				8A37D2D5232BB9470065CE08 /* Assets.xcassets in Resources */,
				D9967F76237E0EB500C2253C /* Localizable.strings in Resources */,
			);
			runOnlyForDeploymentPostprocessing = 0;
		};
/* End PBXResourcesBuildPhase section */

/* Begin PBXSourcesBuildPhase section */
		8A37D2A4232BB9440065CE08 /* Sources */ = {
			isa = PBXSourcesBuildPhase;
			buildActionMask = 2147483647;
			files = (
				954271FC2586AFE3002EA242 /* RemoteControlViewController.swift in Sources */,
				D9C2FAA823A04015000284D1 /* TabBarViewController.swift in Sources */,
				8A9E9AFD232F240F006A0B5C /* SceneDelegate.swift in Sources */,
				8A37D2B0232BB9440065CE08 /* filesViewController.swift in Sources */,
				D98422C82375EDE9003130E7 /* WorkoutSessionCell.swift in Sources */,
				D966A64F2371FD8F00EB2141 /* SettingsViewController.swift in Sources */,
				8AA589EC232F125A007879E0 /* SpinnerViewController.swift in Sources */,
				D98422C52375E482003130E7 /* WorkoutSessionsViewController.swift in Sources */,
				8AC060FE233275D600F40881 /* FileItemViewCell.swift in Sources */,
				95E8FD7824ABA10A00F12C3C /* Log.swift in Sources */,
				D9917BE5237C46960078B6A4 /* Constants.swift in Sources */,
				8A37D2AC232BB9440065CE08 /* AppDelegate.swift in Sources */,
				8A6A41F6232ED6A600207CA6 /* Model.xcdatamodeld in Sources */,
				8AB2FE06233232A800C1F554 /* SensorDataSet.swift in Sources */,
				D966BED42384C5DA00504631 /* AdminViewController.swift in Sources */,
				8ADC42C723312408005B079F /* ChartViewController.swift in Sources */,
				8A002DA223466042000C14E1 /* SampleAverageManager.swift in Sources */,
				95DF6A1424B097D6002BE13A /* ChartSelectionCell.swift in Sources */,
				95E1FF08257A83F600A55818 /* EditSessionViewController.swift in Sources */,
			);
			runOnlyForDeploymentPostprocessing = 0;
		};
		8A37D2C7232BB9460065CE08 /* Sources */ = {
			isa = PBXSourcesBuildPhase;
			buildActionMask = 2147483647;
			files = (
				D9B3DAC92409940D00332408 /* ArrowNumberPickerInterfaceController.swift in Sources */,
				8A37D2D3232BB9460065CE08 /* ExtensionDelegate.swift in Sources */,
				954271F7258697C7002EA242 /* SyncWorkoutManager.swift in Sources */,
				95E8FD7924ABA10A00F12C3C /* Log.swift in Sources */,
				8A37D2D1232BB9460065CE08 /* startViewController.swift in Sources */,
				D99FE744237F6A8100E4809A /* DefaultsInterfaceController.swift in Sources */,
				D966A654237230B800EB2141 /* WorkoutInterfaceController.swift in Sources */,
				8A3B02E1232E973E007ECFBB /* SettingsInterfaceController.swift in Sources */,
				95E8FD7A24ABA19B00F12C3C /* Constants.swift in Sources */,
				D99FE742237F57C800E4809A /* SettingsRowController.swift in Sources */,
			);
			runOnlyForDeploymentPostprocessing = 0;
		};
/* End PBXSourcesBuildPhase section */

/* Begin PBXTargetDependency section */
		8A37D2BF232BB9450065CE08 /* PBXTargetDependency */ = {
			isa = PBXTargetDependency;
			target = 8A37D2BB232BB9450065CE08 /* Archery Motion Study WatchKit App */;
			targetProxy = 8A37D2BE232BB9450065CE08 /* PBXContainerItemProxy */;
		};
		8A37D2CE232BB9460065CE08 /* PBXTargetDependency */ = {
			isa = PBXTargetDependency;
			target = 8A37D2CA232BB9460065CE08 /* Archery Motion Study WatchKit Extension */;
			targetProxy = 8A37D2CD232BB9460065CE08 /* PBXContainerItemProxy */;
		};
		954B59D12587F2BE00F5DA0D /* PBXTargetDependency */ = {
			isa = PBXTargetDependency;
			name = ShotsWorkoutManager;
			targetProxy = 954B59D02587F2BE00F5DA0D /* PBXContainerItemProxy */;
		};
/* End PBXTargetDependency section */

/* Begin PBXVariantGroup section */
		8A37D2B1232BB9440065CE08 /* Main.storyboard */ = {
			isa = PBXVariantGroup;
			children = (
				8A37D2B2232BB9440065CE08 /* Base */,
				9506C2162580E80D00B4E85D /* es */,
			);
			name = Main.storyboard;
			sourceTree = "<group>";
		};
		8A37D2B6232BB9450065CE08 /* LaunchScreen.storyboard */ = {
			isa = PBXVariantGroup;
			children = (
				8A37D2B7232BB9450065CE08 /* Base */,
			);
			name = LaunchScreen.storyboard;
			sourceTree = "<group>";
		};
		8A37D2C1232BB9450065CE08 /* Interface.storyboard */ = {
			isa = PBXVariantGroup;
			children = (
				8A37D2C2232BB9450065CE08 /* Base */,
				D92504692381684A001AD73D /* es */,
			);
			name = Interface.storyboard;
			sourceTree = "<group>";
		};
		D9917BEE237C8E9F0078B6A4 /* Localizable.strings */ = {
			isa = PBXVariantGroup;
			children = (
				D9917BED237C8E9F0078B6A4 /* es */,
				D9917BF0237C8F710078B6A4 /* en */,
			);
			name = Localizable.strings;
			sourceTree = "<group>";
		};
		D9967F78237E0EB500C2253C /* Localizable.strings */ = {
			isa = PBXVariantGroup;
			children = (
				D9967F77237E0EB500C2253C /* es */,
				D9967F79237E0EBD00C2253C /* en */,
			);
			name = Localizable.strings;
			sourceTree = "<group>";
		};
/* End PBXVariantGroup section */

/* Begin XCBuildConfiguration section */
		8A37D2D7232BB9470065CE08 /* Debug */ = {
			isa = XCBuildConfiguration;
			buildSettings = {
				ALWAYS_SEARCH_USER_PATHS = NO;
				CLANG_ANALYZER_LOCALIZABILITY_NONLOCALIZED = YES;
				CLANG_ANALYZER_NONNULL = YES;
				CLANG_ANALYZER_NUMBER_OBJECT_CONVERSION = YES_AGGRESSIVE;
				CLANG_CXX_LANGUAGE_STANDARD = "gnu++14";
				CLANG_CXX_LIBRARY = "libc++";
				CLANG_ENABLE_MODULES = YES;
				CLANG_ENABLE_OBJC_ARC = YES;
				CLANG_ENABLE_OBJC_WEAK = YES;
				CLANG_WARN_BLOCK_CAPTURE_AUTORELEASING = YES;
				CLANG_WARN_BOOL_CONVERSION = YES;
				CLANG_WARN_COMMA = YES;
				CLANG_WARN_CONSTANT_CONVERSION = YES;
				CLANG_WARN_DEPRECATED_OBJC_IMPLEMENTATIONS = YES;
				CLANG_WARN_DIRECT_OBJC_ISA_USAGE = YES_ERROR;
				CLANG_WARN_DOCUMENTATION_COMMENTS = YES;
				CLANG_WARN_EMPTY_BODY = YES;
				CLANG_WARN_ENUM_CONVERSION = YES;
				CLANG_WARN_INFINITE_RECURSION = YES;
				CLANG_WARN_INT_CONVERSION = YES;
				CLANG_WARN_NON_LITERAL_NULL_CONVERSION = YES;
				CLANG_WARN_OBJC_IMPLICIT_RETAIN_SELF = YES;
				CLANG_WARN_OBJC_LITERAL_CONVERSION = YES;
				CLANG_WARN_OBJC_ROOT_CLASS = YES_ERROR;
				CLANG_WARN_QUOTED_INCLUDE_IN_FRAMEWORK_HEADER = YES;
				CLANG_WARN_RANGE_LOOP_ANALYSIS = YES;
				CLANG_WARN_STRICT_PROTOTYPES = YES;
				CLANG_WARN_SUSPICIOUS_MOVE = YES;
				CLANG_WARN_UNGUARDED_AVAILABILITY = YES_AGGRESSIVE;
				CLANG_WARN_UNREACHABLE_CODE = YES;
				CLANG_WARN__DUPLICATE_METHOD_MATCH = YES;
				COPY_PHASE_STRIP = NO;
				DEBUG_INFORMATION_FORMAT = dwarf;
				ENABLE_STRICT_OBJC_MSGSEND = YES;
				ENABLE_TESTABILITY = YES;
				GCC_C_LANGUAGE_STANDARD = gnu11;
				GCC_DYNAMIC_NO_PIC = NO;
				GCC_NO_COMMON_BLOCKS = YES;
				GCC_OPTIMIZATION_LEVEL = 0;
				GCC_PREPROCESSOR_DEFINITIONS = (
					"DEBUG=1",
					"$(inherited)",
				);
				GCC_WARN_64_TO_32_BIT_CONVERSION = YES;
				GCC_WARN_ABOUT_RETURN_TYPE = YES_ERROR;
				GCC_WARN_UNDECLARED_SELECTOR = YES;
				GCC_WARN_UNINITIALIZED_AUTOS = YES_AGGRESSIVE;
				GCC_WARN_UNUSED_FUNCTION = YES;
				GCC_WARN_UNUSED_VARIABLE = YES;
				IPHONEOS_DEPLOYMENT_TARGET = 13.0;
				MTL_ENABLE_DEBUG_INFO = INCLUDE_SOURCE;
				MTL_FAST_MATH = YES;
				ONLY_ACTIVE_ARCH = YES;
				SDKROOT = iphoneos;
				SWIFT_ACTIVE_COMPILATION_CONDITIONS = DEBUG;
				SWIFT_OPTIMIZATION_LEVEL = "-Onone";
			};
			name = Debug;
		};
		8A37D2D8232BB9470065CE08 /* Release */ = {
			isa = XCBuildConfiguration;
			buildSettings = {
				ALWAYS_SEARCH_USER_PATHS = NO;
				CLANG_ANALYZER_LOCALIZABILITY_NONLOCALIZED = YES;
				CLANG_ANALYZER_NONNULL = YES;
				CLANG_ANALYZER_NUMBER_OBJECT_CONVERSION = YES_AGGRESSIVE;
				CLANG_CXX_LANGUAGE_STANDARD = "gnu++14";
				CLANG_CXX_LIBRARY = "libc++";
				CLANG_ENABLE_MODULES = YES;
				CLANG_ENABLE_OBJC_ARC = YES;
				CLANG_ENABLE_OBJC_WEAK = YES;
				CLANG_WARN_BLOCK_CAPTURE_AUTORELEASING = YES;
				CLANG_WARN_BOOL_CONVERSION = YES;
				CLANG_WARN_COMMA = YES;
				CLANG_WARN_CONSTANT_CONVERSION = YES;
				CLANG_WARN_DEPRECATED_OBJC_IMPLEMENTATIONS = YES;
				CLANG_WARN_DIRECT_OBJC_ISA_USAGE = YES_ERROR;
				CLANG_WARN_DOCUMENTATION_COMMENTS = YES;
				CLANG_WARN_EMPTY_BODY = YES;
				CLANG_WARN_ENUM_CONVERSION = YES;
				CLANG_WARN_INFINITE_RECURSION = YES;
				CLANG_WARN_INT_CONVERSION = YES;
				CLANG_WARN_NON_LITERAL_NULL_CONVERSION = YES;
				CLANG_WARN_OBJC_IMPLICIT_RETAIN_SELF = YES;
				CLANG_WARN_OBJC_LITERAL_CONVERSION = YES;
				CLANG_WARN_OBJC_ROOT_CLASS = YES_ERROR;
				CLANG_WARN_QUOTED_INCLUDE_IN_FRAMEWORK_HEADER = YES;
				CLANG_WARN_RANGE_LOOP_ANALYSIS = YES;
				CLANG_WARN_STRICT_PROTOTYPES = YES;
				CLANG_WARN_SUSPICIOUS_MOVE = YES;
				CLANG_WARN_UNGUARDED_AVAILABILITY = YES_AGGRESSIVE;
				CLANG_WARN_UNREACHABLE_CODE = YES;
				CLANG_WARN__DUPLICATE_METHOD_MATCH = YES;
				COPY_PHASE_STRIP = NO;
				DEBUG_INFORMATION_FORMAT = "dwarf-with-dsym";
				ENABLE_NS_ASSERTIONS = NO;
				ENABLE_STRICT_OBJC_MSGSEND = YES;
				GCC_C_LANGUAGE_STANDARD = gnu11;
				GCC_NO_COMMON_BLOCKS = YES;
				GCC_WARN_64_TO_32_BIT_CONVERSION = YES;
				GCC_WARN_ABOUT_RETURN_TYPE = YES_ERROR;
				GCC_WARN_UNDECLARED_SELECTOR = YES;
				GCC_WARN_UNINITIALIZED_AUTOS = YES_AGGRESSIVE;
				GCC_WARN_UNUSED_FUNCTION = YES;
				GCC_WARN_UNUSED_VARIABLE = YES;
				IPHONEOS_DEPLOYMENT_TARGET = 13.0;
				MTL_ENABLE_DEBUG_INFO = NO;
				MTL_FAST_MATH = YES;
				SDKROOT = iphoneos;
				SWIFT_COMPILATION_MODE = wholemodule;
				SWIFT_OPTIMIZATION_LEVEL = "-O";
				VALIDATE_PRODUCT = YES;
			};
			name = Release;
		};
		8A37D2DA232BB9470065CE08 /* Debug */ = {
			isa = XCBuildConfiguration;
			buildSettings = {
				ASSETCATALOG_COMPILER_COMPLICATION_NAME = Complication;
				CODE_SIGN_ENTITLEMENTS = "Archery Motion Study WatchKit Extension/Archery Motion Study WatchKit Extension.entitlements";
				CODE_SIGN_STYLE = Automatic;
				CURRENT_PROJECT_VERSION = 1;
				DEVELOPMENT_TEAM = F5G9LGK25B;
				INFOPLIST_FILE = "Archery Motion Study WatchKit Extension/Info.plist";
				LD_RUNPATH_SEARCH_PATHS = (
					"$(inherited)",
					"@executable_path/Frameworks",
					"@executable_path/../../Frameworks",
				);
				MARKETING_VERSION = 2.1;
				PRODUCT_BUNDLE_IDENTIFIER = "com.liebanajr.Archery-Motion-Study.watchkitapp.watchkitextension";
				PRODUCT_NAME = "${TARGET_NAME}";
				SDKROOT = watchos;
				SKIP_INSTALL = YES;
				SWIFT_VERSION = 5.0;
				TARGETED_DEVICE_FAMILY = 4;
				WATCHOS_DEPLOYMENT_TARGET = 6.1;
			};
			name = Debug;
		};
		8A37D2DB232BB9470065CE08 /* Release */ = {
			isa = XCBuildConfiguration;
			buildSettings = {
				ASSETCATALOG_COMPILER_COMPLICATION_NAME = Complication;
				CODE_SIGN_ENTITLEMENTS = "Archery Motion Study WatchKit Extension/Archery Motion Study WatchKit Extension.entitlements";
				CODE_SIGN_STYLE = Automatic;
				CURRENT_PROJECT_VERSION = 1;
				DEVELOPMENT_TEAM = F5G9LGK25B;
				INFOPLIST_FILE = "Archery Motion Study WatchKit Extension/Info.plist";
				LD_RUNPATH_SEARCH_PATHS = (
					"$(inherited)",
					"@executable_path/Frameworks",
					"@executable_path/../../Frameworks",
				);
				MARKETING_VERSION = 2.1;
				PRODUCT_BUNDLE_IDENTIFIER = "com.liebanajr.Archery-Motion-Study.watchkitapp.watchkitextension";
				PRODUCT_NAME = "${TARGET_NAME}";
				SDKROOT = watchos;
				SKIP_INSTALL = YES;
				SWIFT_VERSION = 5.0;
				TARGETED_DEVICE_FAMILY = 4;
				WATCHOS_DEPLOYMENT_TARGET = 6.1;
			};
			name = Release;
		};
		8A37D2DE232BB9470065CE08 /* Debug */ = {
			isa = XCBuildConfiguration;
			buildSettings = {
				ALWAYS_EMBED_SWIFT_STANDARD_LIBRARIES = YES;
				ASSETCATALOG_COMPILER_APPICON_NAME = AppIcon;
				CODE_SIGN_STYLE = Automatic;
				CURRENT_PROJECT_VERSION = 1;
				DEVELOPMENT_TEAM = F5G9LGK25B;
				IBSC_MODULE = Archery_Motion_Study_WatchKit_Extension;
				INFOPLIST_FILE = "Archery Motion Study WatchKit App/Info.plist";
				MARKETING_VERSION = 2.1;
				PRODUCT_BUNDLE_IDENTIFIER = "com.liebanajr.Archery-Motion-Study.watchkitapp";
				PRODUCT_NAME = "$(TARGET_NAME)";
				SDKROOT = watchos;
				SKIP_INSTALL = YES;
				SWIFT_VERSION = 5.0;
				TARGETED_DEVICE_FAMILY = 4;
				WATCHOS_DEPLOYMENT_TARGET = 6.1;
			};
			name = Debug;
		};
		8A37D2DF232BB9470065CE08 /* Release */ = {
			isa = XCBuildConfiguration;
			buildSettings = {
				ALWAYS_EMBED_SWIFT_STANDARD_LIBRARIES = YES;
				ASSETCATALOG_COMPILER_APPICON_NAME = AppIcon;
				CODE_SIGN_STYLE = Automatic;
				CURRENT_PROJECT_VERSION = 1;
				DEVELOPMENT_TEAM = F5G9LGK25B;
				IBSC_MODULE = Archery_Motion_Study_WatchKit_Extension;
				INFOPLIST_FILE = "Archery Motion Study WatchKit App/Info.plist";
				MARKETING_VERSION = 2.1;
				PRODUCT_BUNDLE_IDENTIFIER = "com.liebanajr.Archery-Motion-Study.watchkitapp";
				PRODUCT_NAME = "$(TARGET_NAME)";
				SDKROOT = watchos;
				SKIP_INSTALL = YES;
				SWIFT_VERSION = 5.0;
				TARGETED_DEVICE_FAMILY = 4;
				WATCHOS_DEPLOYMENT_TARGET = 6.1;
			};
			name = Release;
		};
		8A37D2E2232BB9470065CE08 /* Debug */ = {
			isa = XCBuildConfiguration;
			buildSettings = {
				ASSETCATALOG_COMPILER_APPICON_NAME = AppIcon;
				CODE_SIGN_ENTITLEMENTS = "Archery Motion Study/Archery Motion StudyDebug.entitlements";
				CODE_SIGN_IDENTITY = "Apple Development";
				CODE_SIGN_STYLE = Automatic;
				CURRENT_PROJECT_VERSION = 1;
				DEVELOPMENT_TEAM = F5G9LGK25B;
				INFOPLIST_FILE = "Archery Motion Study/Info.plist";
				IPHONEOS_DEPLOYMENT_TARGET = 14.0;
				LD_RUNPATH_SEARCH_PATHS = (
					"$(inherited)",
					"@executable_path/Frameworks",
				);
				MARKETING_VERSION = 2.1;
				PRODUCT_BUNDLE_IDENTIFIER = "com.liebanajr.Archery-Motion-Study";
				PRODUCT_NAME = "$(TARGET_NAME)";
				PROVISIONING_PROFILE_SPECIFIER = "";
				SWIFT_VERSION = 5.0;
				TARGETED_DEVICE_FAMILY = 1;
			};
			name = Debug;
		};
		8A37D2E3232BB9470065CE08 /* Release */ = {
			isa = XCBuildConfiguration;
			buildSettings = {
				ASSETCATALOG_COMPILER_APPICON_NAME = AppIcon;
				CODE_SIGN_STYLE = Automatic;
				CURRENT_PROJECT_VERSION = 1;
				DEVELOPMENT_TEAM = F5G9LGK25B;
				INFOPLIST_FILE = "Archery Motion Study/Info.plist";
				IPHONEOS_DEPLOYMENT_TARGET = 14.0;
				LD_RUNPATH_SEARCH_PATHS = (
					"$(inherited)",
					"@executable_path/Frameworks",
				);
				MARKETING_VERSION = 2.1;
				PRODUCT_BUNDLE_IDENTIFIER = "com.liebanajr.Archery-Motion-Study";
				PRODUCT_NAME = "$(TARGET_NAME)";
				SWIFT_VERSION = 5.0;
				TARGETED_DEVICE_FAMILY = 1;
			};
			name = Release;
		};
/* End XCBuildConfiguration section */

/* Begin XCConfigurationList section */
		8A37D2A3232BB9440065CE08 /* Build configuration list for PBXProject "Archery Motion Study" */ = {
			isa = XCConfigurationList;
			buildConfigurations = (
				8A37D2D7232BB9470065CE08 /* Debug */,
				8A37D2D8232BB9470065CE08 /* Release */,
			);
			defaultConfigurationIsVisible = 0;
			defaultConfigurationName = Release;
		};
		8A37D2D9232BB9470065CE08 /* Build configuration list for PBXNativeTarget "Archery Motion Study WatchKit Extension" */ = {
			isa = XCConfigurationList;
			buildConfigurations = (
				8A37D2DA232BB9470065CE08 /* Debug */,
				8A37D2DB232BB9470065CE08 /* Release */,
			);
			defaultConfigurationIsVisible = 0;
			defaultConfigurationName = Release;
		};
		8A37D2DD232BB9470065CE08 /* Build configuration list for PBXNativeTarget "Archery Motion Study WatchKit App" */ = {
			isa = XCConfigurationList;
			buildConfigurations = (
				8A37D2DE232BB9470065CE08 /* Debug */,
				8A37D2DF232BB9470065CE08 /* Release */,
			);
			defaultConfigurationIsVisible = 0;
			defaultConfigurationName = Release;
		};
		8A37D2E1232BB9470065CE08 /* Build configuration list for PBXNativeTarget "Archery Motion Study" */ = {
			isa = XCConfigurationList;
			buildConfigurations = (
				8A37D2E2232BB9470065CE08 /* Debug */,
				8A37D2E3232BB9470065CE08 /* Release */,
			);
			defaultConfigurationIsVisible = 0;
			defaultConfigurationName = Release;
		};
/* End XCConfigurationList section */

/* Begin XCRemoteSwiftPackageReference section */
		9506C21A2580F4BB00B4E85D /* XCRemoteSwiftPackageReference "firebase-ios-sdk" */ = {
			isa = XCRemoteSwiftPackageReference;
			repositoryURL = "https://github.com/firebase/firebase-ios-sdk.git";
			requirement = {
				kind = upToNextMajorVersion;
				minimumVersion = 7.2.0;
			};
		};
		9506C2292580F5A900B4E85D /* XCRemoteSwiftPackageReference "Charts" */ = {
			isa = XCRemoteSwiftPackageReference;
			repositoryURL = "https://github.com/danielgindi/Charts";
			requirement = {
				kind = upToNextMajorVersion;
				minimumVersion = 3.0.0;
			};
		};
		9506C2372580F65D00B4E85D /* XCRemoteSwiftPackageReference "IQKeyboardManager" */ = {
			isa = XCRemoteSwiftPackageReference;
			repositoryURL = "https://github.com/hackiftekhar/IQKeyboardManager";
			requirement = {
				kind = upToNextMajorVersion;
				minimumVersion = 6.5.6;
			};
		};
		95DFFD022580F70E00599F5F /* XCRemoteSwiftPackageReference "SwiftSpinner" */ = {
			isa = XCRemoteSwiftPackageReference;
			repositoryURL = "https://github.com/icanzilb/SwiftSpinner";
			requirement = {
				kind = upToNextMajorVersion;
				minimumVersion = 2.1.0;
			};
		};
/* End XCRemoteSwiftPackageReference section */

/* Begin XCSwiftPackageProductDependency section */
		9506C21B2580F4BB00B4E85D /* FirebaseStorage */ = {
			isa = XCSwiftPackageProductDependency;
			package = 9506C21A2580F4BB00B4E85D /* XCRemoteSwiftPackageReference "firebase-ios-sdk" */;
			productName = FirebaseStorage;
		};
		9506C22A2580F5A900B4E85D /* Charts */ = {
			isa = XCSwiftPackageProductDependency;
			package = 9506C2292580F5A900B4E85D /* XCRemoteSwiftPackageReference "Charts" */;
			productName = Charts;
		};
		9506C2382580F65D00B4E85D /* IQKeyboardManagerSwift */ = {
			isa = XCSwiftPackageProductDependency;
			package = 9506C2372580F65D00B4E85D /* XCRemoteSwiftPackageReference "IQKeyboardManager" */;
			productName = IQKeyboardManagerSwift;
		};
		95DFFD032580F70E00599F5F /* SwiftSpinner */ = {
			isa = XCSwiftPackageProductDependency;
			package = 95DFFD022580F70E00599F5F /* XCRemoteSwiftPackageReference "SwiftSpinner" */;
			productName = SwiftSpinner;
		};
/* End XCSwiftPackageProductDependency section */

/* Begin XCVersionGroup section */
		8A6A41F4232ED6A600207CA6 /* Model.xcdatamodeld */ = {
			isa = XCVersionGroup;
			children = (
				8A6A41F5232ED6A600207CA6 /* Model.xcdatamodel */,
			);
			currentVersion = 8A6A41F5232ED6A600207CA6 /* Model.xcdatamodel */;
			path = Model.xcdatamodeld;
			sourceTree = "<group>";
			versionGroupType = wrapper.xcdatamodel;
		};
/* End XCVersionGroup section */
	};
	rootObject = 8A37D2A0232BB9440065CE08 /* Project object */;
}
