// !$*UTF8*$!
{
	archiveVersion = 1;
	classes = {
	};
	objectVersion = 53;
	objects = {

/* Begin PBXBuildFile section */
		8A002DA223466042000C14E1 /* SampleAverageManager.swift in Sources */ = {isa = PBXBuildFile; fileRef = 8A002DA123466042000C14E1 /* SampleAverageManager.swift */; };
		8A37D2AC232BB9440065CE08 /* AppDelegate.swift in Sources */ = {isa = PBXBuildFile; fileRef = 8A37D2AB232BB9440065CE08 /* AppDelegate.swift */; };
		8A37D2B0232BB9440065CE08 /* filesViewController.swift in Sources */ = {isa = PBXBuildFile; fileRef = 8A37D2AF232BB9440065CE08 /* filesViewController.swift */; };
		8A37D2B3232BB9440065CE08 /* Main.storyboard in Resources */ = {isa = PBXBuildFile; fileRef = 8A37D2B1232BB9440065CE08 /* Main.storyboard */; };
		8A37D2B5232BB9450065CE08 /* Assets.xcassets in Resources */ = {isa = PBXBuildFile; fileRef = 8A37D2B4232BB9450065CE08 /* Assets.xcassets */; };
		8A37D2B8232BB9450065CE08 /* LaunchScreen.storyboard in Resources */ = {isa = PBXBuildFile; fileRef = 8A37D2B6232BB9450065CE08 /* LaunchScreen.storyboard */; };
		8A6A41F6232ED6A600207CA6 /* Model.xcdatamodeld in Sources */ = {isa = PBXBuildFile; fileRef = 8A6A41F4232ED6A600207CA6 /* Model.xcdatamodeld */; };
		8A9E9AFD232F240F006A0B5C /* SceneDelegate.swift in Sources */ = {isa = PBXBuildFile; fileRef = 8A9E9AFC232F240F006A0B5C /* SceneDelegate.swift */; };
		8AA589EC232F125A007879E0 /* SpinnerViewController.swift in Sources */ = {isa = PBXBuildFile; fileRef = 8AA589EB232F125A007879E0 /* SpinnerViewController.swift */; };
		8AB2FE06233232A800C1F554 /* SensorDataSet.swift in Sources */ = {isa = PBXBuildFile; fileRef = 8AB2FE05233232A800C1F554 /* SensorDataSet.swift */; };
		8AC060FE233275D600F40881 /* FileItemViewCell.swift in Sources */ = {isa = PBXBuildFile; fileRef = 8AC060FD233275D600F40881 /* FileItemViewCell.swift */; };
		8AD78685232EC2EC005A9761 /* GoogleService-Info.plist in Resources */ = {isa = PBXBuildFile; fileRef = 8AD78684232EC2EC005A9761 /* GoogleService-Info.plist */; };
		8ADC42C723312408005B079F /* ChartViewController.swift in Sources */ = {isa = PBXBuildFile; fileRef = 8ADC42C623312408005B079F /* ChartViewController.swift */; };
		9506C21C2580F4BB00B4E85D /* FirebaseStorage in Frameworks */ = {isa = PBXBuildFile; productRef = 9506C21B2580F4BB00B4E85D /* FirebaseStorage */; };
		9506C2392580F65D00B4E85D /* IQKeyboardManagerSwift in Frameworks */ = {isa = PBXBuildFile; productRef = 9506C2382580F65D00B4E85D /* IQKeyboardManagerSwift */; };
		950C3E8D25AC78D200DCD941 /* RCController.swift in Sources */ = {isa = PBXBuildFile; fileRef = 950C3E8C25AC78D200DCD941 /* RCController.swift */; };
		954271FC2586AFE3002EA242 /* RemoteControlViewController.swift in Sources */ = {isa = PBXBuildFile; fileRef = 954271FB2586AFE3002EA242 /* RemoteControlViewController.swift */; };
		95DF6A1424B097D6002BE13A /* ChartSelectionCell.swift in Sources */ = {isa = PBXBuildFile; fileRef = 95DF6A1324B097D6002BE13A /* ChartSelectionCell.swift */; };
		95DFFD042580F70E00599F5F /* SwiftSpinner in Frameworks */ = {isa = PBXBuildFile; productRef = 95DFFD032580F70E00599F5F /* SwiftSpinner */; };
		95E1FF08257A83F600A55818 /* EditSessionViewController.swift in Sources */ = {isa = PBXBuildFile; fileRef = 95E1FF07257A83F600A55818 /* EditSessionViewController.swift */; };
		95FE2050257FBD09001F11C5 /* WorkoutSessionCell2.xib in Resources */ = {isa = PBXBuildFile; fileRef = 95FE204C257FBCF7001F11C5 /* WorkoutSessionCell2.xib */; };
		D939F0D22A64599600DADD15 /* SettingsView.swift in Sources */ = {isa = PBXBuildFile; fileRef = D939F0D12A64599600DADD15 /* SettingsView.swift */; };
		D939F0D32A645B0E00DADD15 /* Constants.swift in Sources */ = {isa = PBXBuildFile; fileRef = D9917BE4237C46960078B6A4 /* Constants.swift */; };
		D939F0D52A64634700DADD15 /* ActiveSessionView.swift in Sources */ = {isa = PBXBuildFile; fileRef = D939F0D42A64634700DADD15 /* ActiveSessionView.swift */; };
		D939F0D62A64690E00DADD15 /* SyncWorkoutManager.swift in Sources */ = {isa = PBXBuildFile; fileRef = 954271F6258697C7002EA242 /* SyncWorkoutManager.swift */; };
		D939F0D92A65250900DADD15 /* EndWorkoutView.swift in Sources */ = {isa = PBXBuildFile; fileRef = D939F0D82A65250900DADD15 /* EndWorkoutView.swift */; };
		D966A64F2371FD8F00EB2141 /* SettingsViewController.swift in Sources */ = {isa = PBXBuildFile; fileRef = D966A64E2371FD8F00EB2141 /* SettingsViewController.swift */; };
		D966A652237204DD00EB2141 /* HealthKit.framework in Frameworks */ = {isa = PBXBuildFile; fileRef = D966A651237204DD00EB2141 /* HealthKit.framework */; };
		D966BED42384C5DA00504631 /* AdminViewController.swift in Sources */ = {isa = PBXBuildFile; fileRef = D966BED32384C5DA00504631 /* AdminViewController.swift */; };
		D98422C52375E482003130E7 /* WorkoutSessionsViewController.swift in Sources */ = {isa = PBXBuildFile; fileRef = D98422C42375E482003130E7 /* WorkoutSessionsViewController.swift */; };
		D98422C82375EDE9003130E7 /* WorkoutSessionCell.swift in Sources */ = {isa = PBXBuildFile; fileRef = D98422C62375EDE9003130E7 /* WorkoutSessionCell.swift */; };
		D98422C92375EDE9003130E7 /* WorkoutSessionCell.xib in Resources */ = {isa = PBXBuildFile; fileRef = D98422C72375EDE9003130E7 /* WorkoutSessionCell.xib */; };
		D9917BE5237C46960078B6A4 /* Constants.swift in Sources */ = {isa = PBXBuildFile; fileRef = D9917BE4237C46960078B6A4 /* Constants.swift */; };
		D9917BEC237C8E9F0078B6A4 /* Localizable.strings in Resources */ = {isa = PBXBuildFile; fileRef = D9917BEE237C8E9F0078B6A4 /* Localizable.strings */; };
		D9A1B5BB2A658EEE0091C7B9 /* iOSUtils.framework in Frameworks */ = {isa = PBXBuildFile; fileRef = D9A1B5B82A658EB10091C7B9 /* iOSUtils.framework */; };
		D9A1B5BC2A658EEE0091C7B9 /* iOSUtils.framework in Embed Frameworks */ = {isa = PBXBuildFile; fileRef = D9A1B5B82A658EB10091C7B9 /* iOSUtils.framework */; settings = {ATTRIBUTES = (CodeSignOnCopy, RemoveHeadersOnCopy, ); }; };
		D9A1B5BD2A658EF40091C7B9 /* ShotsWorkoutManager.framework in Frameworks */ = {isa = PBXBuildFile; fileRef = D9A1B5B12A658E950091C7B9 /* ShotsWorkoutManager.framework */; };
		D9A1B5BE2A658EF40091C7B9 /* ShotsWorkoutManager.framework in Embed Frameworks */ = {isa = PBXBuildFile; fileRef = D9A1B5B12A658E950091C7B9 /* ShotsWorkoutManager.framework */; settings = {ATTRIBUTES = (CodeSignOnCopy, RemoveHeadersOnCopy, ); }; };
		D9A1B5BF2A658EF70091C7B9 /* watchOSUtils.framework in Frameworks */ = {isa = PBXBuildFile; fileRef = D9A1B5BA2A658EB10091C7B9 /* watchOSUtils.framework */; };
		D9A1B5C02A658EF70091C7B9 /* watchOSUtils.framework in Embed Frameworks */ = {isa = PBXBuildFile; fileRef = D9A1B5BA2A658EB10091C7B9 /* watchOSUtils.framework */; settings = {ATTRIBUTES = (CodeSignOnCopy, RemoveHeadersOnCopy, ); }; };
		D9C2FAA823A04015000284D1 /* TabBarViewController.swift in Sources */ = {isa = PBXBuildFile; fileRef = D9C2FAA723A04015000284D1 /* TabBarViewController.swift */; };
		D9C57BCE2A6588A100DEB164 /* Passwords.plist in Resources */ = {isa = PBXBuildFile; fileRef = D9C57BCD2A6588A100DEB164 /* Passwords.plist */; };
		D9C7BE3D2A6817530034A2D0 /* mock_motion_data.csv in Resources */ = {isa = PBXBuildFile; fileRef = D9C7BE3C2A6817530034A2D0 /* mock_motion_data.csv */; };
		D9C7BE3E2A6820EF0034A2D0 /* mock_motion_data.csv in Resources */ = {isa = PBXBuildFile; fileRef = D9C7BE3C2A6817530034A2D0 /* mock_motion_data.csv */; };
		D9C7BE412A6957C80034A2D0 /* InfoPlist.strings in Resources */ = {isa = PBXBuildFile; fileRef = D9C7BE3F2A6957C80034A2D0 /* InfoPlist.strings */; };
		D9C7BE442A6957C80034A2D0 /* ArrowSense Watch App-InfoPlist.strings in Resources */ = {isa = PBXBuildFile; fileRef = D9C7BE422A6957C80034A2D0 /* ArrowSense Watch App-InfoPlist.strings */; };
		D9C7BE472A6957C80034A2D0 /* Localizable.strings in Resources */ = {isa = PBXBuildFile; fileRef = D9C7BE452A6957C80034A2D0 /* Localizable.strings */; };
		D9EC0B752A616D8A00F41456 /* DGCharts in Frameworks */ = {isa = PBXBuildFile; productRef = D9EC0B742A616D8A00F41456 /* DGCharts */; };
		D9EC0B8A2A644E0A00F41456 /* ArrowSenseApp.swift in Sources */ = {isa = PBXBuildFile; fileRef = D9EC0B892A644E0A00F41456 /* ArrowSenseApp.swift */; };
		D9EC0B8C2A644E0A00F41456 /* StartView.swift in Sources */ = {isa = PBXBuildFile; fileRef = D9EC0B8B2A644E0A00F41456 /* StartView.swift */; };
		D9EC0B8E2A644E0B00F41456 /* Assets.xcassets in Resources */ = {isa = PBXBuildFile; fileRef = D9EC0B8D2A644E0B00F41456 /* Assets.xcassets */; };
		D9EC0B912A644E0B00F41456 /* Preview Assets.xcassets in Resources */ = {isa = PBXBuildFile; fileRef = D9EC0B902A644E0B00F41456 /* Preview Assets.xcassets */; };
		D9EC0B942A644E0B00F41456 /* ArrowSense Watch App.app in Embed Watch Content */ = {isa = PBXBuildFile; fileRef = D9EC0B872A644E0A00F41456 /* ArrowSense Watch App.app */; settings = {ATTRIBUTES = (RemoveHeadersOnCopy, ); }; };
/* End PBXBuildFile section */

/* Begin PBXContainerItemProxy section */
		D9A1B5B02A658E950091C7B9 /* PBXContainerItemProxy */ = {
			isa = PBXContainerItemProxy;
			containerPortal = D9A1B5AC2A658E950091C7B9 /* ShotsWorkoutManager.xcodeproj */;
			proxyType = 2;
			remoteGlobalIDString = 95FDC3FD25866AD100EA30BD;
			remoteInfo = ShotsWorkoutManager;
		};
		D9A1B5B72A658EB10091C7B9 /* PBXContainerItemProxy */ = {
			isa = PBXContainerItemProxy;
			containerPortal = D9A1B5B22A658EB10091C7B9 /* SwiftUtils.xcodeproj */;
			proxyType = 2;
			remoteGlobalIDString = 958D472D25A31D8C00B5491C;
			remoteInfo = iOSUtils;
		};
		D9A1B5B92A658EB10091C7B9 /* PBXContainerItemProxy */ = {
			isa = PBXContainerItemProxy;
			containerPortal = D9A1B5B22A658EB10091C7B9 /* SwiftUtils.xcodeproj */;
			proxyType = 2;
			remoteGlobalIDString = 958D474B25A31D9A00B5491C;
			remoteInfo = watchOSUtils;
		};
		D9EC0B922A644E0B00F41456 /* PBXContainerItemProxy */ = {
			isa = PBXContainerItemProxy;
			containerPortal = 8A37D2A0232BB9440065CE08 /* Project object */;
			proxyType = 1;
			remoteGlobalIDString = D9EC0B862A644E0A00F41456;
			remoteInfo = "ArrowSense Watch App";
		};
/* End PBXContainerItemProxy section */

/* Begin PBXCopyFilesBuildPhase section */
		8A37D2E0232BB9470065CE08 /* Embed Watch Content */ = {
			isa = PBXCopyFilesBuildPhase;
			buildActionMask = 2147483647;
			dstPath = "$(CONTENTS_FOLDER_PATH)/Watch";
			dstSubfolderSpec = 16;
			files = (
				D9EC0B942A644E0B00F41456 /* ArrowSense Watch App.app in Embed Watch Content */,
			);
			name = "Embed Watch Content";
			runOnlyForDeploymentPostprocessing = 0;
		};
		950C3E7725AC767900DCD941 /* Embed Frameworks */ = {
			isa = PBXCopyFilesBuildPhase;
			buildActionMask = 2147483647;
			dstPath = "";
			dstSubfolderSpec = 10;
			files = (
				D9A1B5BC2A658EEE0091C7B9 /* iOSUtils.framework in Embed Frameworks */,
			);
			name = "Embed Frameworks";
			runOnlyForDeploymentPostprocessing = 0;
		};
		D939F0CE2A64544700DADD15 /* Embed Frameworks */ = {
			isa = PBXCopyFilesBuildPhase;
			buildActionMask = 2147483647;
			dstPath = "";
			dstSubfolderSpec = 10;
			files = (
				D9A1B5C02A658EF70091C7B9 /* watchOSUtils.framework in Embed Frameworks */,
				D9A1B5BE2A658EF40091C7B9 /* ShotsWorkoutManager.framework in Embed Frameworks */,
			);
			name = "Embed Frameworks";
			runOnlyForDeploymentPostprocessing = 0;
		};
/* End PBXCopyFilesBuildPhase section */

/* Begin PBXFileReference section */
		8A002DA123466042000C14E1 /* SampleAverageManager.swift */ = {isa = PBXFileReference; lastKnownFileType = sourcecode.swift; path = SampleAverageManager.swift; sourceTree = "<group>"; };
		8A37D2A8232BB9440065CE08 /* Archery Motion Study.app */ = {isa = PBXFileReference; explicitFileType = wrapper.application; includeInIndex = 0; path = "Archery Motion Study.app"; sourceTree = BUILT_PRODUCTS_DIR; };
		8A37D2AB232BB9440065CE08 /* AppDelegate.swift */ = {isa = PBXFileReference; lastKnownFileType = sourcecode.swift; path = AppDelegate.swift; sourceTree = "<group>"; };
		8A37D2AF232BB9440065CE08 /* filesViewController.swift */ = {isa = PBXFileReference; lastKnownFileType = sourcecode.swift; path = filesViewController.swift; sourceTree = "<group>"; };
		8A37D2B2232BB9440065CE08 /* Base */ = {isa = PBXFileReference; lastKnownFileType = file.storyboard; name = Base; path = Base.lproj/Main.storyboard; sourceTree = "<group>"; };
		8A37D2B4232BB9450065CE08 /* Assets.xcassets */ = {isa = PBXFileReference; lastKnownFileType = folder.assetcatalog; path = Assets.xcassets; sourceTree = "<group>"; };
		8A37D2B7232BB9450065CE08 /* Base */ = {isa = PBXFileReference; lastKnownFileType = file.storyboard; name = Base; path = Base.lproj/LaunchScreen.storyboard; sourceTree = "<group>"; };
		8A37D2B9232BB9450065CE08 /* Info.plist */ = {isa = PBXFileReference; lastKnownFileType = text.plist.xml; path = Info.plist; sourceTree = "<group>"; };
		8A37D2BC232BB9450065CE08 /* Archery Motion Study WatchKit App.app */ = {isa = PBXFileReference; explicitFileType = wrapper.application; includeInIndex = 0; name = "Archery Motion Study WatchKit App.app"; path = "/Users/liebanajr/Documents/PROYECTOS/SWIFT/Archery Motion Study/build/Debug-watchos/Archery Motion Study WatchKit App.app"; sourceTree = "<absolute>"; };
		8A6A41F5232ED6A600207CA6 /* Model.xcdatamodel */ = {isa = PBXFileReference; lastKnownFileType = wrapper.xcdatamodel; path = Model.xcdatamodel; sourceTree = "<group>"; };
		8A9E9AFC232F240F006A0B5C /* SceneDelegate.swift */ = {isa = PBXFileReference; fileEncoding = 4; lastKnownFileType = sourcecode.swift; path = SceneDelegate.swift; sourceTree = "<group>"; };
		8AA589EB232F125A007879E0 /* SpinnerViewController.swift */ = {isa = PBXFileReference; lastKnownFileType = sourcecode.swift; path = SpinnerViewController.swift; sourceTree = "<group>"; };
		8AB2FE05233232A800C1F554 /* SensorDataSet.swift */ = {isa = PBXFileReference; lastKnownFileType = sourcecode.swift; path = SensorDataSet.swift; sourceTree = "<group>"; };
		8AC060FD233275D600F40881 /* FileItemViewCell.swift */ = {isa = PBXFileReference; lastKnownFileType = sourcecode.swift; path = FileItemViewCell.swift; sourceTree = "<group>"; };
		8AD78684232EC2EC005A9761 /* GoogleService-Info.plist */ = {isa = PBXFileReference; fileEncoding = 4; lastKnownFileType = text.plist.xml; path = "GoogleService-Info.plist"; sourceTree = "<group>"; };
		8ADC42C623312408005B079F /* ChartViewController.swift */ = {isa = PBXFileReference; lastKnownFileType = sourcecode.swift; path = ChartViewController.swift; sourceTree = "<group>"; };
		9506C2162580E80D00B4E85D /* es */ = {isa = PBXFileReference; lastKnownFileType = text.plist.strings; name = es; path = es.lproj/Main.strings; sourceTree = "<group>"; };
		950C3E8C25AC78D200DCD941 /* RCController.swift */ = {isa = PBXFileReference; lastKnownFileType = sourcecode.swift; path = RCController.swift; sourceTree = "<group>"; };
		954271F6258697C7002EA242 /* SyncWorkoutManager.swift */ = {isa = PBXFileReference; lastKnownFileType = sourcecode.swift; path = SyncWorkoutManager.swift; sourceTree = "<group>"; };
		954271FB2586AFE3002EA242 /* RemoteControlViewController.swift */ = {isa = PBXFileReference; lastKnownFileType = sourcecode.swift; path = RemoteControlViewController.swift; sourceTree = "<group>"; };
		95DF6A1324B097D6002BE13A /* ChartSelectionCell.swift */ = {isa = PBXFileReference; lastKnownFileType = sourcecode.swift; path = ChartSelectionCell.swift; sourceTree = "<group>"; };
		95E1FF07257A83F600A55818 /* EditSessionViewController.swift */ = {isa = PBXFileReference; lastKnownFileType = sourcecode.swift; path = EditSessionViewController.swift; sourceTree = "<group>"; };
		95FE204C257FBCF7001F11C5 /* WorkoutSessionCell2.xib */ = {isa = PBXFileReference; lastKnownFileType = file.xib; path = WorkoutSessionCell2.xib; sourceTree = "<group>"; };
		D939F0D12A64599600DADD15 /* SettingsView.swift */ = {isa = PBXFileReference; lastKnownFileType = sourcecode.swift; path = SettingsView.swift; sourceTree = "<group>"; };
		D939F0D42A64634700DADD15 /* ActiveSessionView.swift */ = {isa = PBXFileReference; lastKnownFileType = sourcecode.swift; path = ActiveSessionView.swift; sourceTree = "<group>"; };
		D939F0D72A64A0C400DADD15 /* ArrowSense Watch App.entitlements */ = {isa = PBXFileReference; lastKnownFileType = text.plist.entitlements; path = "ArrowSense Watch App.entitlements"; sourceTree = "<group>"; };
		D939F0D82A65250900DADD15 /* EndWorkoutView.swift */ = {isa = PBXFileReference; lastKnownFileType = sourcecode.swift; path = EndWorkoutView.swift; sourceTree = "<group>"; };
		D966A64E2371FD8F00EB2141 /* SettingsViewController.swift */ = {isa = PBXFileReference; lastKnownFileType = sourcecode.swift; path = SettingsViewController.swift; sourceTree = "<group>"; };
		D966A650237204DD00EB2141 /* Archery Motion StudyDebug.entitlements */ = {isa = PBXFileReference; lastKnownFileType = text.plist.entitlements; path = "Archery Motion StudyDebug.entitlements"; sourceTree = "<group>"; };
		D966A651237204DD00EB2141 /* HealthKit.framework */ = {isa = PBXFileReference; lastKnownFileType = wrapper.framework; name = HealthKit.framework; path = System/Library/Frameworks/HealthKit.framework; sourceTree = SDKROOT; };
		D966BED32384C5DA00504631 /* AdminViewController.swift */ = {isa = PBXFileReference; fileEncoding = 4; lastKnownFileType = sourcecode.swift; path = AdminViewController.swift; sourceTree = "<group>"; };
		D98422C42375E482003130E7 /* WorkoutSessionsViewController.swift */ = {isa = PBXFileReference; lastKnownFileType = sourcecode.swift; path = WorkoutSessionsViewController.swift; sourceTree = "<group>"; };
		D98422C62375EDE9003130E7 /* WorkoutSessionCell.swift */ = {isa = PBXFileReference; lastKnownFileType = sourcecode.swift; path = WorkoutSessionCell.swift; sourceTree = "<group>"; };
		D98422C72375EDE9003130E7 /* WorkoutSessionCell.xib */ = {isa = PBXFileReference; lastKnownFileType = file.xib; path = WorkoutSessionCell.xib; sourceTree = "<group>"; };
		D9917BE4237C46960078B6A4 /* Constants.swift */ = {isa = PBXFileReference; lastKnownFileType = sourcecode.swift; path = Constants.swift; sourceTree = "<group>"; };
		D9917BED237C8E9F0078B6A4 /* es */ = {isa = PBXFileReference; lastKnownFileType = text.plist.strings; name = es; path = es.lproj/Localizable.strings; sourceTree = "<group>"; };
		D9917BF0237C8F710078B6A4 /* en */ = {isa = PBXFileReference; lastKnownFileType = text.plist.strings; name = en; path = en.lproj/Localizable.strings; sourceTree = "<group>"; };
		D9A1B5AC2A658E950091C7B9 /* ShotsWorkoutManager.xcodeproj */ = {isa = PBXFileReference; lastKnownFileType = "wrapper.pb-project"; name = ShotsWorkoutManager.xcodeproj; path = ../../../../SWIFT/LIBRARIES/ShotsWorkoutManager/ShotsWorkoutManager/ShotsWorkoutManager.xcodeproj; sourceTree = "<group>"; };
		D9A1B5B22A658EB10091C7B9 /* SwiftUtils.xcodeproj */ = {isa = PBXFileReference; lastKnownFileType = "wrapper.pb-project"; name = SwiftUtils.xcodeproj; path = ../../../../SWIFT/LIBRARIES/SwiftUtils/SwiftUtils.xcodeproj; sourceTree = "<group>"; };
		D9C2FAA723A04015000284D1 /* TabBarViewController.swift */ = {isa = PBXFileReference; lastKnownFileType = sourcecode.swift; path = TabBarViewController.swift; sourceTree = "<group>"; };
		D9C57BCD2A6588A100DEB164 /* Passwords.plist */ = {isa = PBXFileReference; lastKnownFileType = text.plist.xml; path = Passwords.plist; sourceTree = "<group>"; };
		D9C7BE3C2A6817530034A2D0 /* mock_motion_data.csv */ = {isa = PBXFileReference; fileEncoding = 4; lastKnownFileType = text; path = mock_motion_data.csv; sourceTree = "<group>"; };
		D9C7BE402A6957C80034A2D0 /* es */ = {isa = PBXFileReference; lastKnownFileType = text.plist.strings; name = es; path = es.lproj/InfoPlist.strings; sourceTree = "<group>"; };
		D9C7BE432A6957C80034A2D0 /* es */ = {isa = PBXFileReference; lastKnownFileType = text.plist.strings; name = es; path = "es.lproj/ArrowSense Watch App-InfoPlist.strings"; sourceTree = "<group>"; };
		D9C7BE462A6957C80034A2D0 /* es */ = {isa = PBXFileReference; lastKnownFileType = text.plist.strings; name = es; path = es.lproj/Localizable.strings; sourceTree = "<group>"; };
		D9EC0B872A644E0A00F41456 /* ArrowSense Watch App.app */ = {isa = PBXFileReference; explicitFileType = wrapper.application; includeInIndex = 0; path = "ArrowSense Watch App.app"; sourceTree = BUILT_PRODUCTS_DIR; };
		D9EC0B892A644E0A00F41456 /* ArrowSenseApp.swift */ = {isa = PBXFileReference; lastKnownFileType = sourcecode.swift; path = ArrowSenseApp.swift; sourceTree = "<group>"; };
		D9EC0B8B2A644E0A00F41456 /* StartView.swift */ = {isa = PBXFileReference; lastKnownFileType = sourcecode.swift; path = StartView.swift; sourceTree = "<group>"; };
		D9EC0B8D2A644E0B00F41456 /* Assets.xcassets */ = {isa = PBXFileReference; lastKnownFileType = folder.assetcatalog; path = Assets.xcassets; sourceTree = "<group>"; };
		D9EC0B902A644E0B00F41456 /* Preview Assets.xcassets */ = {isa = PBXFileReference; lastKnownFileType = folder.assetcatalog; path = "Preview Assets.xcassets"; sourceTree = "<group>"; };
/* End PBXFileReference section */

/* Begin PBXFrameworksBuildPhase section */
		8A37D2A5232BB9440065CE08 /* Frameworks */ = {
			isa = PBXFrameworksBuildPhase;
			buildActionMask = 2147483647;
			files = (
				9506C2392580F65D00B4E85D /* IQKeyboardManagerSwift in Frameworks */,
				D966A652237204DD00EB2141 /* HealthKit.framework in Frameworks */,
				D9A1B5BB2A658EEE0091C7B9 /* iOSUtils.framework in Frameworks */,
				D9EC0B752A616D8A00F41456 /* DGCharts in Frameworks */,
				95DFFD042580F70E00599F5F /* SwiftSpinner in Frameworks */,
				9506C21C2580F4BB00B4E85D /* FirebaseStorage in Frameworks */,
			);
			runOnlyForDeploymentPostprocessing = 0;
		};
		D9EC0B842A644E0A00F41456 /* Frameworks */ = {
			isa = PBXFrameworksBuildPhase;
			buildActionMask = 2147483647;
			files = (
				D9A1B5BF2A658EF70091C7B9 /* watchOSUtils.framework in Frameworks */,
				D9A1B5BD2A658EF40091C7B9 /* ShotsWorkoutManager.framework in Frameworks */,
			);
			runOnlyForDeploymentPostprocessing = 0;
		};
/* End PBXFrameworksBuildPhase section */

/* Begin PBXGroup section */
		4596ABD710EFABDA1BD012FB /* Frameworks */ = {
			isa = PBXGroup;
			children = (
				D966A651237204DD00EB2141 /* HealthKit.framework */,
			);
			name = Frameworks;
			sourceTree = "<group>";
		};
		8A37D29F232BB9440065CE08 = {
			isa = PBXGroup;
			children = (
				D9C7BE452A6957C80034A2D0 /* Localizable.strings */,
				D9C7BE422A6957C80034A2D0 /* ArrowSense Watch App-InfoPlist.strings */,
				D9C57BCC2A65885A00DEB164 /* Confidential */,
				D96DC9682A616A7D00E2D113 /* Dependencies */,
				D9917BE4237C46960078B6A4 /* Constants.swift */,
				8A37D2AA232BB9440065CE08 /* Archery Motion Study */,
				D9EC0B882A644E0A00F41456 /* ArrowSense Watch App */,
				8A37D2A9232BB9440065CE08 /* Products */,
				4596ABD710EFABDA1BD012FB /* Frameworks */,
				D939F0C82A64532B00DADD15 /* Recovered References */,
			);
			sourceTree = "<group>";
		};
		8A37D2A9232BB9440065CE08 /* Products */ = {
			isa = PBXGroup;
			children = (
				8A37D2A8232BB9440065CE08 /* Archery Motion Study.app */,
				D9EC0B872A644E0A00F41456 /* ArrowSense Watch App.app */,
			);
			name = Products;
			sourceTree = "<group>";
		};
		8A37D2AA232BB9440065CE08 /* Archery Motion Study */ = {
			isa = PBXGroup;
			children = (
				D9C7BE3B2A6815990034A2D0 /* Development Assets */,
				D966A650237204DD00EB2141 /* Archery Motion StudyDebug.entitlements */,
				8A6A41F3232ED67300207CA6 /* Controller */,
				8A6A41F2232ED66B00207CA6 /* View */,
				8A6A41F1232ED65A00207CA6 /* Model */,
				8A37D2B4232BB9450065CE08 /* Assets.xcassets */,
				8A37D2B9232BB9450065CE08 /* Info.plist */,
				D9C7BE3F2A6957C80034A2D0 /* InfoPlist.strings */,
				D9917BEE237C8E9F0078B6A4 /* Localizable.strings */,
			);
			path = "Archery Motion Study";
			sourceTree = "<group>";
		};
		8A6A41F1232ED65A00207CA6 /* Model */ = {
			isa = PBXGroup;
			children = (
				8A6A41F4232ED6A600207CA6 /* Model.xcdatamodeld */,
				8AB2FE05233232A800C1F554 /* SensorDataSet.swift */,
				8A002DA123466042000C14E1 /* SampleAverageManager.swift */,
			);
			path = Model;
			sourceTree = "<group>";
		};
		8A6A41F2232ED66B00207CA6 /* View */ = {
			isa = PBXGroup;
			children = (
				8A37D2B6232BB9450065CE08 /* LaunchScreen.storyboard */,
				8A37D2B1232BB9440065CE08 /* Main.storyboard */,
				8AC060FD233275D600F40881 /* FileItemViewCell.swift */,
				D98422C62375EDE9003130E7 /* WorkoutSessionCell.swift */,
				D98422C72375EDE9003130E7 /* WorkoutSessionCell.xib */,
				95FE204C257FBCF7001F11C5 /* WorkoutSessionCell2.xib */,
				95DF6A1324B097D6002BE13A /* ChartSelectionCell.swift */,
			);
			path = View;
			sourceTree = "<group>";
		};
		8A6A41F3232ED67300207CA6 /* Controller */ = {
			isa = PBXGroup;
			children = (
				8A37D2AB232BB9440065CE08 /* AppDelegate.swift */,
				8A37D2AF232BB9440065CE08 /* filesViewController.swift */,
				8A9E9AFC232F240F006A0B5C /* SceneDelegate.swift */,
				8ADC42C623312408005B079F /* ChartViewController.swift */,
				8AA589EB232F125A007879E0 /* SpinnerViewController.swift */,
				D966BED32384C5DA00504631 /* AdminViewController.swift */,
				D966A64E2371FD8F00EB2141 /* SettingsViewController.swift */,
				D98422C42375E482003130E7 /* WorkoutSessionsViewController.swift */,
				D9C2FAA723A04015000284D1 /* TabBarViewController.swift */,
				95E1FF07257A83F600A55818 /* EditSessionViewController.swift */,
				954271FB2586AFE3002EA242 /* RemoteControlViewController.swift */,
				950C3E8C25AC78D200DCD941 /* RCController.swift */,
			);
			path = Controller;
			sourceTree = "<group>";
		};
		D939F0C82A64532B00DADD15 /* Recovered References */ = {
			isa = PBXGroup;
			children = (
				8A37D2BC232BB9450065CE08 /* Archery Motion Study WatchKit App.app */,
			);
			name = "Recovered References";
			sourceTree = "<group>";
		};
		D96DC9682A616A7D00E2D113 /* Dependencies */ = {
			isa = PBXGroup;
			children = (
				D9A1B5B22A658EB10091C7B9 /* SwiftUtils.xcodeproj */,
				D9A1B5AC2A658E950091C7B9 /* ShotsWorkoutManager.xcodeproj */,
			);
			path = Dependencies;
			sourceTree = "<group>";
		};
		D9A1B5AD2A658E950091C7B9 /* Products */ = {
			isa = PBXGroup;
			children = (
				D9A1B5B12A658E950091C7B9 /* ShotsWorkoutManager.framework */,
			);
			name = Products;
			sourceTree = "<group>";
		};
		D9A1B5B32A658EB10091C7B9 /* Products */ = {
			isa = PBXGroup;
			children = (
				D9A1B5B82A658EB10091C7B9 /* iOSUtils.framework */,
				D9A1B5BA2A658EB10091C7B9 /* watchOSUtils.framework */,
			);
			name = Products;
			sourceTree = "<group>";
		};
		D9C57BCC2A65885A00DEB164 /* Confidential */ = {
			isa = PBXGroup;
			children = (
				8AD78684232EC2EC005A9761 /* GoogleService-Info.plist */,
				D9C57BCD2A6588A100DEB164 /* Passwords.plist */,
			);
			path = Confidential;
			sourceTree = "<group>";
		};
		D9C7BE3B2A6815990034A2D0 /* Development Assets */ = {
			isa = PBXGroup;
			children = (
				D9C7BE3C2A6817530034A2D0 /* mock_motion_data.csv */,
			);
			path = "Development Assets";
			sourceTree = "<group>";
		};
		D9EC0B882A644E0A00F41456 /* ArrowSense Watch App */ = {
			isa = PBXGroup;
			children = (
				D939F0D72A64A0C400DADD15 /* ArrowSense Watch App.entitlements */,
				D9EC0B892A644E0A00F41456 /* ArrowSenseApp.swift */,
				954271F6258697C7002EA242 /* SyncWorkoutManager.swift */,
				D9EC0B8B2A644E0A00F41456 /* StartView.swift */,
				D9EC0B8D2A644E0B00F41456 /* Assets.xcassets */,
				D9EC0B8F2A644E0B00F41456 /* Preview Content */,
				D939F0D12A64599600DADD15 /* SettingsView.swift */,
				D939F0D42A64634700DADD15 /* ActiveSessionView.swift */,
				D939F0D82A65250900DADD15 /* EndWorkoutView.swift */,
			);
			path = "ArrowSense Watch App";
			sourceTree = "<group>";
		};
		D9EC0B8F2A644E0B00F41456 /* Preview Content */ = {
			isa = PBXGroup;
			children = (
				D9EC0B902A644E0B00F41456 /* Preview Assets.xcassets */,
			);
			path = "Preview Content";
			sourceTree = "<group>";
		};
/* End PBXGroup section */

/* Begin PBXNativeTarget section */
		8A37D2A7232BB9440065CE08 /* Archery Motion Study */ = {
			isa = PBXNativeTarget;
			buildConfigurationList = 8A37D2E1232BB9470065CE08 /* Build configuration list for PBXNativeTarget "Archery Motion Study" */;
			buildPhases = (
				8A37D2A4232BB9440065CE08 /* Sources */,
				8A37D2A5232BB9440065CE08 /* Frameworks */,
				8A37D2A6232BB9440065CE08 /* Resources */,
				8A37D2E0232BB9470065CE08 /* Embed Watch Content */,
				950C3E7725AC767900DCD941 /* Embed Frameworks */,
			);
			buildRules = (
			);
			dependencies = (
				D9EC0B932A644E0B00F41456 /* PBXTargetDependency */,
			);
			name = "Archery Motion Study";
			packageProductDependencies = (
				9506C21B2580F4BB00B4E85D /* FirebaseStorage */,
				9506C2382580F65D00B4E85D /* IQKeyboardManagerSwift */,
				95DFFD032580F70E00599F5F /* SwiftSpinner */,
				D9EC0B742A616D8A00F41456 /* DGCharts */,
			);
			productName = "Archery Motion Study";
			productReference = 8A37D2A8232BB9440065CE08 /* Archery Motion Study.app */;
			productType = "com.apple.product-type.application";
		};
		D9EC0B862A644E0A00F41456 /* ArrowSense Watch App */ = {
			isa = PBXNativeTarget;
			buildConfigurationList = D9EC0B952A644E0B00F41456 /* Build configuration list for PBXNativeTarget "ArrowSense Watch App" */;
			buildPhases = (
				D9EC0B832A644E0A00F41456 /* Sources */,
				D9EC0B842A644E0A00F41456 /* Frameworks */,
				D9EC0B852A644E0A00F41456 /* Resources */,
				D939F0CE2A64544700DADD15 /* Embed Frameworks */,
			);
			buildRules = (
			);
			dependencies = (
			);
			name = "ArrowSense Watch App";
			productName = "ArrowSense Watch App";
			productReference = D9EC0B872A644E0A00F41456 /* ArrowSense Watch App.app */;
			productType = "com.apple.product-type.application";
		};
/* End PBXNativeTarget section */

/* Begin PBXProject section */
		8A37D2A0232BB9440065CE08 /* Project object */ = {
			isa = PBXProject;
			attributes = {
				BuildIndependentTargetsInParallel = YES;
				LastSwiftUpdateCheck = 1430;
				LastUpgradeCheck = 1430;
				ORGANIZATIONNAME = liebanajr;
				TargetAttributes = {
					8A37D2A7232BB9440065CE08 = {
						CreatedOnToolsVersion = 11.0;
					};
					D9EC0B862A644E0A00F41456 = {
						CreatedOnToolsVersion = 14.3.1;
					};
				};
			};
			buildConfigurationList = 8A37D2A3232BB9440065CE08 /* Build configuration list for PBXProject "Archery Motion Study" */;
			compatibilityVersion = "Xcode 9.3";
			developmentRegion = en;
			hasScannedForEncodings = 0;
			knownRegions = (
				en,
				Base,
				es,
			);
			mainGroup = 8A37D29F232BB9440065CE08;
			packageReferences = (
				9506C21A2580F4BB00B4E85D /* XCRemoteSwiftPackageReference "firebase-ios-sdk" */,
				9506C2292580F5A900B4E85D /* XCRemoteSwiftPackageReference "Charts" */,
				9506C2372580F65D00B4E85D /* XCRemoteSwiftPackageReference "IQKeyboardManager" */,
				95DFFD022580F70E00599F5F /* XCRemoteSwiftPackageReference "SwiftSpinner" */,
			);
			productRefGroup = 8A37D2A9232BB9440065CE08 /* Products */;
			projectDirPath = "";
			projectReferences = (
				{
					ProductGroup = D9A1B5AD2A658E950091C7B9 /* Products */;
					ProjectRef = D9A1B5AC2A658E950091C7B9 /* ShotsWorkoutManager.xcodeproj */;
				},
				{
					ProductGroup = D9A1B5B32A658EB10091C7B9 /* Products */;
					ProjectRef = D9A1B5B22A658EB10091C7B9 /* SwiftUtils.xcodeproj */;
				},
			);
			projectRoot = "";
			targets = (
				8A37D2A7232BB9440065CE08 /* Archery Motion Study */,
				D9EC0B862A644E0A00F41456 /* ArrowSense Watch App */,
			);
		};
/* End PBXProject section */

/* Begin PBXReferenceProxy section */
		D9A1B5B12A658E950091C7B9 /* ShotsWorkoutManager.framework */ = {
			isa = PBXReferenceProxy;
			fileType = wrapper.framework;
			path = ShotsWorkoutManager.framework;
			remoteRef = D9A1B5B02A658E950091C7B9 /* PBXContainerItemProxy */;
			sourceTree = BUILT_PRODUCTS_DIR;
		};
		D9A1B5B82A658EB10091C7B9 /* iOSUtils.framework */ = {
			isa = PBXReferenceProxy;
			fileType = wrapper.framework;
			path = iOSUtils.framework;
			remoteRef = D9A1B5B72A658EB10091C7B9 /* PBXContainerItemProxy */;
			sourceTree = BUILT_PRODUCTS_DIR;
		};
		D9A1B5BA2A658EB10091C7B9 /* watchOSUtils.framework */ = {
			isa = PBXReferenceProxy;
			fileType = wrapper.framework;
			path = watchOSUtils.framework;
			remoteRef = D9A1B5B92A658EB10091C7B9 /* PBXContainerItemProxy */;
			sourceTree = BUILT_PRODUCTS_DIR;
		};
/* End PBXReferenceProxy section */

/* Begin PBXResourcesBuildPhase section */
		8A37D2A6232BB9440065CE08 /* Resources */ = {
			isa = PBXResourcesBuildPhase;
			buildActionMask = 2147483647;
			files = (
				D9C7BE3D2A6817530034A2D0 /* mock_motion_data.csv in Resources */,
				8A37D2B8232BB9450065CE08 /* LaunchScreen.storyboard in Resources */,
				D9917BEC237C8E9F0078B6A4 /* Localizable.strings in Resources */,
				8AD78685232EC2EC005A9761 /* GoogleService-Info.plist in Resources */,
				8A37D2B5232BB9450065CE08 /* Assets.xcassets in Resources */,
				95FE2050257FBD09001F11C5 /* WorkoutSessionCell2.xib in Resources */,
				8A37D2B3232BB9440065CE08 /* Main.storyboard in Resources */,
				D98422C92375EDE9003130E7 /* WorkoutSessionCell.xib in Resources */,
				D9C57BCE2A6588A100DEB164 /* Passwords.plist in Resources */,
				D9C7BE412A6957C80034A2D0 /* InfoPlist.strings in Resources */,
			);
			runOnlyForDeploymentPostprocessing = 0;
		};
		D9EC0B852A644E0A00F41456 /* Resources */ = {
			isa = PBXResourcesBuildPhase;
			buildActionMask = 2147483647;
			files = (
				D9C7BE472A6957C80034A2D0 /* Localizable.strings in Resources */,
				D9C7BE442A6957C80034A2D0 /* ArrowSense Watch App-InfoPlist.strings in Resources */,
				D9C7BE3E2A6820EF0034A2D0 /* mock_motion_data.csv in Resources */,
				D9EC0B912A644E0B00F41456 /* Preview Assets.xcassets in Resources */,
				D9EC0B8E2A644E0B00F41456 /* Assets.xcassets in Resources */,
			);
			runOnlyForDeploymentPostprocessing = 0;
		};
/* End PBXResourcesBuildPhase section */

/* Begin PBXSourcesBuildPhase section */
		8A37D2A4232BB9440065CE08 /* Sources */ = {
			isa = PBXSourcesBuildPhase;
			buildActionMask = 2147483647;
			files = (
				954271FC2586AFE3002EA242 /* RemoteControlViewController.swift in Sources */,
				D9C2FAA823A04015000284D1 /* TabBarViewController.swift in Sources */,
				8A9E9AFD232F240F006A0B5C /* SceneDelegate.swift in Sources */,
				8A37D2B0232BB9440065CE08 /* filesViewController.swift in Sources */,
				D98422C82375EDE9003130E7 /* WorkoutSessionCell.swift in Sources */,
				D966A64F2371FD8F00EB2141 /* SettingsViewController.swift in Sources */,
				8AA589EC232F125A007879E0 /* SpinnerViewController.swift in Sources */,
				D98422C52375E482003130E7 /* WorkoutSessionsViewController.swift in Sources */,
				8AC060FE233275D600F40881 /* FileItemViewCell.swift in Sources */,
				950C3E8D25AC78D200DCD941 /* RCController.swift in Sources */,
				D9917BE5237C46960078B6A4 /* Constants.swift in Sources */,
				8A37D2AC232BB9440065CE08 /* AppDelegate.swift in Sources */,
				8A6A41F6232ED6A600207CA6 /* Model.xcdatamodeld in Sources */,
				8AB2FE06233232A800C1F554 /* SensorDataSet.swift in Sources */,
				D966BED42384C5DA00504631 /* AdminViewController.swift in Sources */,
				8ADC42C723312408005B079F /* ChartViewController.swift in Sources */,
				8A002DA223466042000C14E1 /* SampleAverageManager.swift in Sources */,
				95DF6A1424B097D6002BE13A /* ChartSelectionCell.swift in Sources */,
				95E1FF08257A83F600A55818 /* EditSessionViewController.swift in Sources */,
			);
			runOnlyForDeploymentPostprocessing = 0;
		};
		D9EC0B832A644E0A00F41456 /* Sources */ = {
			isa = PBXSourcesBuildPhase;
			buildActionMask = 2147483647;
			files = (
				D939F0D22A64599600DADD15 /* SettingsView.swift in Sources */,
				D9EC0B8C2A644E0A00F41456 /* StartView.swift in Sources */,
				D939F0D62A64690E00DADD15 /* SyncWorkoutManager.swift in Sources */,
				D939F0D92A65250900DADD15 /* EndWorkoutView.swift in Sources */,
				D9EC0B8A2A644E0A00F41456 /* ArrowSenseApp.swift in Sources */,
				D939F0D52A64634700DADD15 /* ActiveSessionView.swift in Sources */,
				D939F0D32A645B0E00DADD15 /* Constants.swift in Sources */,
			);
			runOnlyForDeploymentPostprocessing = 0;
		};
/* End PBXSourcesBuildPhase section */

/* Begin PBXTargetDependency section */
		D9EC0B932A644E0B00F41456 /* PBXTargetDependency */ = {
			isa = PBXTargetDependency;
			target = D9EC0B862A644E0A00F41456 /* ArrowSense Watch App */;
			targetProxy = D9EC0B922A644E0B00F41456 /* PBXContainerItemProxy */;
		};
/* End PBXTargetDependency section */

/* Begin PBXVariantGroup section */
		8A37D2B1232BB9440065CE08 /* Main.storyboard */ = {
			isa = PBXVariantGroup;
			children = (
				8A37D2B2232BB9440065CE08 /* Base */,
				9506C2162580E80D00B4E85D /* es */,
			);
			name = Main.storyboard;
			sourceTree = "<group>";
		};
		8A37D2B6232BB9450065CE08 /* LaunchScreen.storyboard */ = {
			isa = PBXVariantGroup;
			children = (
				8A37D2B7232BB9450065CE08 /* Base */,
			);
			name = LaunchScreen.storyboard;
			sourceTree = "<group>";
		};
		D9917BEE237C8E9F0078B6A4 /* Localizable.strings */ = {
			isa = PBXVariantGroup;
			children = (
				D9917BED237C8E9F0078B6A4 /* es */,
				D9917BF0237C8F710078B6A4 /* en */,
			);
			name = Localizable.strings;
			sourceTree = "<group>";
		};
		D9C7BE3F2A6957C80034A2D0 /* InfoPlist.strings */ = {
			isa = PBXVariantGroup;
			children = (
				D9C7BE402A6957C80034A2D0 /* es */,
			);
			name = InfoPlist.strings;
			sourceTree = "<group>";
		};
		D9C7BE422A6957C80034A2D0 /* ArrowSense Watch App-InfoPlist.strings */ = {
			isa = PBXVariantGroup;
			children = (
				D9C7BE432A6957C80034A2D0 /* es */,
			);
			name = "ArrowSense Watch App-InfoPlist.strings";
			path = "ArrowSense Watch App";
			sourceTree = "<group>";
		};
		D9C7BE452A6957C80034A2D0 /* Localizable.strings */ = {
			isa = PBXVariantGroup;
			children = (
				D9C7BE462A6957C80034A2D0 /* es */,
			);
			name = Localizable.strings;
			path = "ArrowSense Watch App";
			sourceTree = "<group>";
		};
/* End PBXVariantGroup section */

/* Begin XCBuildConfiguration section */
		8A37D2D7232BB9470065CE08 /* Debug */ = {
			isa = XCBuildConfiguration;
			buildSettings = {
				ALWAYS_SEARCH_USER_PATHS = NO;
				CLANG_ANALYZER_LOCALIZABILITY_NONLOCALIZED = YES;
				CLANG_ANALYZER_NONNULL = YES;
				CLANG_ANALYZER_NUMBER_OBJECT_CONVERSION = YES_AGGRESSIVE;
				CLANG_CXX_LANGUAGE_STANDARD = "gnu++14";
				CLANG_CXX_LIBRARY = "libc++";
				CLANG_ENABLE_MODULES = YES;
				CLANG_ENABLE_OBJC_ARC = YES;
				CLANG_ENABLE_OBJC_WEAK = YES;
				CLANG_WARN_BLOCK_CAPTURE_AUTORELEASING = YES;
				CLANG_WARN_BOOL_CONVERSION = YES;
				CLANG_WARN_COMMA = YES;
				CLANG_WARN_CONSTANT_CONVERSION = YES;
				CLANG_WARN_DEPRECATED_OBJC_IMPLEMENTATIONS = YES;
				CLANG_WARN_DIRECT_OBJC_ISA_USAGE = YES_ERROR;
				CLANG_WARN_DOCUMENTATION_COMMENTS = YES;
				CLANG_WARN_EMPTY_BODY = YES;
				CLANG_WARN_ENUM_CONVERSION = YES;
				CLANG_WARN_INFINITE_RECURSION = YES;
				CLANG_WARN_INT_CONVERSION = YES;
				CLANG_WARN_NON_LITERAL_NULL_CONVERSION = YES;
				CLANG_WARN_OBJC_IMPLICIT_RETAIN_SELF = YES;
				CLANG_WARN_OBJC_LITERAL_CONVERSION = YES;
				CLANG_WARN_OBJC_ROOT_CLASS = YES_ERROR;
				CLANG_WARN_QUOTED_INCLUDE_IN_FRAMEWORK_HEADER = YES;
				CLANG_WARN_RANGE_LOOP_ANALYSIS = YES;
				CLANG_WARN_STRICT_PROTOTYPES = YES;
				CLANG_WARN_SUSPICIOUS_MOVE = YES;
				CLANG_WARN_UNGUARDED_AVAILABILITY = YES_AGGRESSIVE;
				CLANG_WARN_UNREACHABLE_CODE = YES;
				CLANG_WARN__DUPLICATE_METHOD_MATCH = YES;
				COPY_PHASE_STRIP = NO;
				DEBUG_INFORMATION_FORMAT = dwarf;
				ENABLE_STRICT_OBJC_MSGSEND = YES;
				ENABLE_TESTABILITY = YES;
				GCC_C_LANGUAGE_STANDARD = gnu11;
				GCC_DYNAMIC_NO_PIC = NO;
				GCC_NO_COMMON_BLOCKS = YES;
				GCC_OPTIMIZATION_LEVEL = 0;
				GCC_PREPROCESSOR_DEFINITIONS = (
					"DEBUG=1",
					"$(inherited)",
				);
				GCC_WARN_64_TO_32_BIT_CONVERSION = YES;
				GCC_WARN_ABOUT_RETURN_TYPE = YES_ERROR;
				GCC_WARN_UNDECLARED_SELECTOR = YES;
				GCC_WARN_UNINITIALIZED_AUTOS = YES_AGGRESSIVE;
				GCC_WARN_UNUSED_FUNCTION = YES;
				GCC_WARN_UNUSED_VARIABLE = YES;
				IPHONEOS_DEPLOYMENT_TARGET = 13.0;
				MTL_ENABLE_DEBUG_INFO = INCLUDE_SOURCE;
				MTL_FAST_MATH = YES;
				ONLY_ACTIVE_ARCH = YES;
				SDKROOT = iphoneos;
				SWIFT_ACTIVE_COMPILATION_CONDITIONS = DEBUG;
				SWIFT_OPTIMIZATION_LEVEL = "-Onone";
			};
			name = Debug;
		};
		8A37D2D8232BB9470065CE08 /* Release */ = {
			isa = XCBuildConfiguration;
			buildSettings = {
				ALWAYS_SEARCH_USER_PATHS = NO;
				CLANG_ANALYZER_LOCALIZABILITY_NONLOCALIZED = YES;
				CLANG_ANALYZER_NONNULL = YES;
				CLANG_ANALYZER_NUMBER_OBJECT_CONVERSION = YES_AGGRESSIVE;
				CLANG_CXX_LANGUAGE_STANDARD = "gnu++14";
				CLANG_CXX_LIBRARY = "libc++";
				CLANG_ENABLE_MODULES = YES;
				CLANG_ENABLE_OBJC_ARC = YES;
				CLANG_ENABLE_OBJC_WEAK = YES;
				CLANG_WARN_BLOCK_CAPTURE_AUTORELEASING = YES;
				CLANG_WARN_BOOL_CONVERSION = YES;
				CLANG_WARN_COMMA = YES;
				CLANG_WARN_CONSTANT_CONVERSION = YES;
				CLANG_WARN_DEPRECATED_OBJC_IMPLEMENTATIONS = YES;
				CLANG_WARN_DIRECT_OBJC_ISA_USAGE = YES_ERROR;
				CLANG_WARN_DOCUMENTATION_COMMENTS = YES;
				CLANG_WARN_EMPTY_BODY = YES;
				CLANG_WARN_ENUM_CONVERSION = YES;
				CLANG_WARN_INFINITE_RECURSION = YES;
				CLANG_WARN_INT_CONVERSION = YES;
				CLANG_WARN_NON_LITERAL_NULL_CONVERSION = YES;
				CLANG_WARN_OBJC_IMPLICIT_RETAIN_SELF = YES;
				CLANG_WARN_OBJC_LITERAL_CONVERSION = YES;
				CLANG_WARN_OBJC_ROOT_CLASS = YES_ERROR;
				CLANG_WARN_QUOTED_INCLUDE_IN_FRAMEWORK_HEADER = YES;
				CLANG_WARN_RANGE_LOOP_ANALYSIS = YES;
				CLANG_WARN_STRICT_PROTOTYPES = YES;
				CLANG_WARN_SUSPICIOUS_MOVE = YES;
				CLANG_WARN_UNGUARDED_AVAILABILITY = YES_AGGRESSIVE;
				CLANG_WARN_UNREACHABLE_CODE = YES;
				CLANG_WARN__DUPLICATE_METHOD_MATCH = YES;
				COPY_PHASE_STRIP = NO;
				DEBUG_INFORMATION_FORMAT = "dwarf-with-dsym";
				ENABLE_NS_ASSERTIONS = NO;
				ENABLE_STRICT_OBJC_MSGSEND = YES;
				GCC_C_LANGUAGE_STANDARD = gnu11;
				GCC_NO_COMMON_BLOCKS = YES;
				GCC_WARN_64_TO_32_BIT_CONVERSION = YES;
				GCC_WARN_ABOUT_RETURN_TYPE = YES_ERROR;
				GCC_WARN_UNDECLARED_SELECTOR = YES;
				GCC_WARN_UNINITIALIZED_AUTOS = YES_AGGRESSIVE;
				GCC_WARN_UNUSED_FUNCTION = YES;
				GCC_WARN_UNUSED_VARIABLE = YES;
				IPHONEOS_DEPLOYMENT_TARGET = 13.0;
				MTL_ENABLE_DEBUG_INFO = NO;
				MTL_FAST_MATH = YES;
				SDKROOT = iphoneos;
				SWIFT_COMPILATION_MODE = wholemodule;
				SWIFT_OPTIMIZATION_LEVEL = "-O";
				VALIDATE_PRODUCT = YES;
			};
			name = Release;
		};
		8A37D2E2232BB9470065CE08 /* Debug */ = {
			isa = XCBuildConfiguration;
			buildSettings = {
				ALWAYS_EMBED_SWIFT_STANDARD_LIBRARIES = YES;
				ASSETCATALOG_COMPILER_APPICON_NAME = AppIcon;
				CODE_SIGN_ENTITLEMENTS = "Archery Motion Study/Archery Motion StudyDebug.entitlements";
				CODE_SIGN_IDENTITY = "Apple Development";
				CODE_SIGN_STYLE = Automatic;
				CURRENT_PROJECT_VERSION = 2;
				DEVELOPMENT_ASSET_PATHS = "Archery\\ Motion\\ Study/Development\\ Assets/mock_motion_data.csv";
				DEVELOPMENT_TEAM = F5G9LGK25B;
				INFOPLIST_FILE = "Archery Motion Study/Info.plist";
				IPHONEOS_DEPLOYMENT_TARGET = 15.0;
				LD_RUNPATH_SEARCH_PATHS = (
					"$(inherited)",
					"@executable_path/Frameworks",
				);
				MARKETING_VERSION = 3.0;
				PRODUCT_BUNDLE_IDENTIFIER = "com.liebanajr.Archery-Motion-Study";
				PRODUCT_NAME = "$(TARGET_NAME)";
				PROVISIONING_PROFILE_SPECIFIER = "";
				SUPPORTED_PLATFORMS = "iphoneos iphonesimulator";
				SUPPORTS_MACCATALYST = NO;
				SUPPORTS_MAC_DESIGNED_FOR_IPHONE_IPAD = NO;
				SWIFT_VERSION = 5.0;
				TARGETED_DEVICE_FAMILY = 1;
			};
			name = Debug;
		};
		8A37D2E3232BB9470065CE08 /* Release */ = {
			isa = XCBuildConfiguration;
			buildSettings = {
				ALWAYS_EMBED_SWIFT_STANDARD_LIBRARIES = YES;
				ASSETCATALOG_COMPILER_APPICON_NAME = AppIcon;
				CODE_SIGN_STYLE = Automatic;
				CURRENT_PROJECT_VERSION = 2;
				DEVELOPMENT_ASSET_PATHS = "Archery\\ Motion\\ Study/Development\\ Assets/mock_motion_data.csv";
				DEVELOPMENT_TEAM = F5G9LGK25B;
				INFOPLIST_FILE = "Archery Motion Study/Info.plist";
				IPHONEOS_DEPLOYMENT_TARGET = 15.0;
				LD_RUNPATH_SEARCH_PATHS = (
					"$(inherited)",
					"@executable_path/Frameworks",
				);
				MARKETING_VERSION = 3.0;
				PRODUCT_BUNDLE_IDENTIFIER = "com.liebanajr.Archery-Motion-Study";
				PRODUCT_NAME = "$(TARGET_NAME)";
				SUPPORTED_PLATFORMS = "iphoneos iphonesimulator";
				SUPPORTS_MACCATALYST = NO;
				SUPPORTS_MAC_DESIGNED_FOR_IPHONE_IPAD = NO;
				SWIFT_VERSION = 5.0;
				TARGETED_DEVICE_FAMILY = 1;
			};
			name = Release;
		};
		D9EC0B962A644E0B00F41456 /* Debug */ = {
			isa = XCBuildConfiguration;
			buildSettings = {
				ASSETCATALOG_COMPILER_APPICON_NAME = AppIcon;
				ASSETCATALOG_COMPILER_GLOBAL_ACCENT_COLOR_NAME = AccentColor;
				CLANG_CXX_LANGUAGE_STANDARD = "gnu++20";
				CODE_SIGN_ENTITLEMENTS = "ArrowSense Watch App/ArrowSense Watch App.entitlements";
				CODE_SIGN_IDENTITY = "Apple Development";
				CODE_SIGN_STYLE = Automatic;
				CURRENT_PROJECT_VERSION = 2;
				DEVELOPMENT_ASSET_PATHS = "\"ArrowSense Watch App/Preview Content\"";
				DEVELOPMENT_TEAM = F5G9LGK25B;
				ENABLE_PREVIEWS = YES;
				GENERATE_INFOPLIST_FILE = YES;
				INFOPLIST_KEY_CFBundleDisplayName = ArrowSense;
				INFOPLIST_KEY_NSHealthShareUsageDescription = "We will use data related to your workout to inform you about your progress";
				INFOPLIST_KEY_NSHealthUpdateUsageDescription = "We will store relevant workout data to the Health app so you can keep track of your evolution";
				INFOPLIST_KEY_UISupportedInterfaceOrientations = "UIInterfaceOrientationPortrait UIInterfaceOrientationPortraitUpsideDown";
				INFOPLIST_KEY_WKCompanionAppBundleIdentifier = "com.liebanajr.Archery-Motion-Study";
				LD_RUNPATH_SEARCH_PATHS = (
					"$(inherited)",
					"@executable_path/Frameworks",
				);
				MARKETING_VERSION = 3.0;
				PRODUCT_BUNDLE_IDENTIFIER = "com.liebanajr.Archery-Motion-Study.watchkitapp";
				PRODUCT_NAME = "$(TARGET_NAME)";
				SDKROOT = watchos;
				SKIP_INSTALL = YES;
				SWIFT_EMIT_LOC_STRINGS = YES;
				SWIFT_VERSION = 5.0;
				TARGETED_DEVICE_FAMILY = 4;
				WATCHOS_DEPLOYMENT_TARGET = 9.0;
			};
			name = Debug;
		};
		D9EC0B972A644E0B00F41456 /* Release */ = {
			isa = XCBuildConfiguration;
			buildSettings = {
				ASSETCATALOG_COMPILER_APPICON_NAME = AppIcon;
				ASSETCATALOG_COMPILER_GLOBAL_ACCENT_COLOR_NAME = AccentColor;
				CLANG_CXX_LANGUAGE_STANDARD = "gnu++20";
				CODE_SIGN_ENTITLEMENTS = "ArrowSense Watch App/ArrowSense Watch App.entitlements";
				CODE_SIGN_STYLE = Automatic;
				CURRENT_PROJECT_VERSION = 2;
				DEVELOPMENT_ASSET_PATHS = "\"ArrowSense Watch App/Preview Content\"";
				DEVELOPMENT_TEAM = F5G9LGK25B;
				ENABLE_PREVIEWS = YES;
				GENERATE_INFOPLIST_FILE = YES;
				INFOPLIST_KEY_CFBundleDisplayName = ArrowSense;
				INFOPLIST_KEY_NSHealthShareUsageDescription = "We will use data related to your workout to inform you about your progress";
				INFOPLIST_KEY_NSHealthUpdateUsageDescription = "We will store relevant workout data to the Health app so you can keep track of your evolution";
				INFOPLIST_KEY_UISupportedInterfaceOrientations = "UIInterfaceOrientationPortrait UIInterfaceOrientationPortraitUpsideDown";
				INFOPLIST_KEY_WKCompanionAppBundleIdentifier = "com.liebanajr.Archery-Motion-Study";
				LD_RUNPATH_SEARCH_PATHS = (
					"$(inherited)",
					"@executable_path/Frameworks",
				);
				MARKETING_VERSION = 3.0;
				PRODUCT_BUNDLE_IDENTIFIER = "com.liebanajr.Archery-Motion-Study.watchkitapp";
				PRODUCT_NAME = "$(TARGET_NAME)";
				SDKROOT = watchos;
				SKIP_INSTALL = YES;
				SWIFT_EMIT_LOC_STRINGS = YES;
				SWIFT_VERSION = 5.0;
				TARGETED_DEVICE_FAMILY = 4;
				WATCHOS_DEPLOYMENT_TARGET = 9.0;
			};
			name = Release;
		};
/* End XCBuildConfiguration section */

/* Begin XCConfigurationList section */
		8A37D2A3232BB9440065CE08 /* Build configuration list for PBXProject "Archery Motion Study" */ = {
			isa = XCConfigurationList;
			buildConfigurations = (
				8A37D2D7232BB9470065CE08 /* Debug */,
				8A37D2D8232BB9470065CE08 /* Release */,
			);
			defaultConfigurationIsVisible = 0;
			defaultConfigurationName = Release;
		};
		8A37D2E1232BB9470065CE08 /* Build configuration list for PBXNativeTarget "Archery Motion Study" */ = {
			isa = XCConfigurationList;
			buildConfigurations = (
				8A37D2E2232BB9470065CE08 /* Debug */,
				8A37D2E3232BB9470065CE08 /* Release */,
			);
			defaultConfigurationIsVisible = 0;
			defaultConfigurationName = Release;
		};
		D9EC0B952A644E0B00F41456 /* Build configuration list for PBXNativeTarget "ArrowSense Watch App" */ = {
			isa = XCConfigurationList;
			buildConfigurations = (
				D9EC0B962A644E0B00F41456 /* Debug */,
				D9EC0B972A644E0B00F41456 /* Release */,
			);
			defaultConfigurationIsVisible = 0;
			defaultConfigurationName = Release;
		};
/* End XCConfigurationList section */

/* Begin XCRemoteSwiftPackageReference section */
		9506C21A2580F4BB00B4E85D /* XCRemoteSwiftPackageReference "firebase-ios-sdk" */ = {
			isa = XCRemoteSwiftPackageReference;
			repositoryURL = "https://github.com/firebase/firebase-ios-sdk.git";
			requirement = {
				kind = upToNextMajorVersion;
				minimumVersion = 10.0.0;
			};
		};
		9506C2292580F5A900B4E85D /* XCRemoteSwiftPackageReference "Charts" */ = {
			isa = XCRemoteSwiftPackageReference;
			repositoryURL = "https://github.com/danielgindi/Charts";
			requirement = {
				kind = upToNextMajorVersion;
				minimumVersion = 5.0.0;
			};
		};
		9506C2372580F65D00B4E85D /* XCRemoteSwiftPackageReference "IQKeyboardManager" */ = {
			isa = XCRemoteSwiftPackageReference;
			repositoryURL = "https://github.com/hackiftekhar/IQKeyboardManager";
			requirement = {
				kind = upToNextMajorVersion;
				minimumVersion = 6.5.6;
			};
		};
		95DFFD022580F70E00599F5F /* XCRemoteSwiftPackageReference "SwiftSpinner" */ = {
			isa = XCRemoteSwiftPackageReference;
			repositoryURL = "https://github.com/icanzilb/SwiftSpinner";
			requirement = {
				kind = upToNextMajorVersion;
				minimumVersion = 2.1.0;
			};
		};
/* End XCRemoteSwiftPackageReference section */

/* Begin XCSwiftPackageProductDependency section */
		9506C21B2580F4BB00B4E85D /* FirebaseStorage */ = {
			isa = XCSwiftPackageProductDependency;
			package = 9506C21A2580F4BB00B4E85D /* XCRemoteSwiftPackageReference "firebase-ios-sdk" */;
			productName = FirebaseStorage;
		};
		9506C2382580F65D00B4E85D /* IQKeyboardManagerSwift */ = {
			isa = XCSwiftPackageProductDependency;
			package = 9506C2372580F65D00B4E85D /* XCRemoteSwiftPackageReference "IQKeyboardManager" */;
			productName = IQKeyboardManagerSwift;
		};
		95DFFD032580F70E00599F5F /* SwiftSpinner */ = {
			isa = XCSwiftPackageProductDependency;
			package = 95DFFD022580F70E00599F5F /* XCRemoteSwiftPackageReference "SwiftSpinner" */;
			productName = SwiftSpinner;
		};
		D9EC0B742A616D8A00F41456 /* DGCharts */ = {
			isa = XCSwiftPackageProductDependency;
			package = 9506C2292580F5A900B4E85D /* XCRemoteSwiftPackageReference "Charts" */;
			productName = DGCharts;
		};
/* End XCSwiftPackageProductDependency section */

/* Begin XCVersionGroup section */
		8A6A41F4232ED6A600207CA6 /* Model.xcdatamodeld */ = {
			isa = XCVersionGroup;
			children = (
				8A6A41F5232ED6A600207CA6 /* Model.xcdatamodel */,
			);
			currentVersion = 8A6A41F5232ED6A600207CA6 /* Model.xcdatamodel */;
			path = Model.xcdatamodeld;
			sourceTree = "<group>";
			versionGroupType = wrapper.xcdatamodel;
		};
/* End XCVersionGroup section */
	};
	rootObject = 8A37D2A0232BB9440065CE08 /* Project object */;
}
